
Microsoft Visual Studio Solution File, Format Version 12.00
# Visual Studio 15
VisualStudioVersion = 15.0.26730.16
MinimumVisualStudioVersion = 10.0.40219.1
Project("{9A19103F-16F7-4668-BE54-9A1E7A4F7556}") = "NetworkCore", "NetworkCore\NetworkCore.csproj", "{C3169648-E285-4079-A41A-BE2753D16757}"
EndProject
Project("{FAE04EC0-301F-11D3-BF4B-00C04F79EFBC}") = "UnityNetwork", "UnityNetwork\UnityNetwork.csproj", "{3D45E3A1-317C-4D38-996F-AA398E3349D9}"
EndProject
Project("{FAE04EC0-301F-11D3-BF4B-00C04F79EFBC}") = "Wodsoft.Net", "Wodsoft.Net\Wodsoft.Net.csproj", "{A52E8AC5-2B3D-4518-8E52-D2BB688A66D8}"
EndProject
Project("{2150E333-8FDC-42A3-9474-1A3956D46DE8}") = "LoLServer", "LoLServer", "{62186F4C-85D8-40B4-8822-4A4F95E17A3B}"
EndProject
Project("{FAE04EC0-301F-11D3-BF4B-00C04F79EFBC}") = "NetFrame", "LoLServer\NetFrame\NetFrame.csproj", "{E5C2883A-AC94-44EC-B56B-CA2DB2D70646}"
EndProject
Project("{FAE04EC0-301F-11D3-BF4B-00C04F79EFBC}") = "Protocol", "LoLServer\Protocol\Protocol.csproj", "{D6997517-29B4-4601-AADD-400D1D540E48}"
EndProject
Project("{FAE04EC0-301F-11D3-BF4B-00C04F79EFBC}") = "LOLServer", "LoLServer\LOLServer\LOLServer.csproj", "{87F2C19F-FE27-495F-B99B-17A9B0048995}"
EndProject
Project("{2150E333-8FDC-42A3-9474-1A3956D46DE8}") = "JungleServer", "JungleServer", "{4C06004E-F844-4A21-BE47-6F92FC2C2B84}"
EndProject
Project("{FAE04EC0-301F-11D3-BF4B-00C04F79EFBC}") = "TCP服务器端", "JungleSever\TCP服务器端\TCP服务器端.csproj", "{BA76D2E5-C3FE-4D10-8D34-0AC548F83260}"
EndProject
Project("{FAE04EC0-301F-11D3-BF4B-00C04F79EFBC}") = "TCP客户端", "JungleSever\TCP客户端\TCP客户端.csproj", "{83026801-6A93-410B-85E9-576B2902CE7B}"
EndProject
Project("{FAE04EC0-301F-11D3-BF4B-00C04F79EFBC}") = "MySQL数据库操作", "JungleSever\MySQL数据库操作\MySQL数据库操作.csproj", "{4D687980-0EDF-46A9-B581-A95166CE37D9}"
EndProject
Project("{FAE04EC0-301F-11D3-BF4B-00C04F79EFBC}") = "共享工程", "JungleSever\共享工程\共享工程.csproj", "{1B075107-8769-4D0A-9FB9-0784F6FD9DB2}"
EndProject
Project("{FAE04EC0-301F-11D3-BF4B-00C04F79EFBC}") = "数据转换成字节数组", "JungleSever\数据转换成字节数组\数据转换成字节数组.csproj", "{6778E39B-1A09-47D0-A155-7333FA03CC6C}"
EndProject
Project("{FAE04EC0-301F-11D3-BF4B-00C04F79EFBC}") = "游戏服务器端", "JungleSever\游戏服务器端\游戏服务器端.csproj", "{9F581AB4-98F8-4AAB-BFD2-CCC6C0AE332E}"
EndProject
Global
	GlobalSection(SolutionConfigurationPlatforms) = preSolution
		Debug|Any CPU = Debug|Any CPU
		Release|Any CPU = Release|Any CPU
	EndGlobalSection
	GlobalSection(ProjectConfigurationPlatforms) = postSolution
		{C3169648-E285-4079-A41A-BE2753D16757}.Debug|Any CPU.ActiveCfg = Debug|Any CPU
		{C3169648-E285-4079-A41A-BE2753D16757}.Debug|Any CPU.Build.0 = Debug|Any CPU
		{C3169648-E285-4079-A41A-BE2753D16757}.Release|Any CPU.ActiveCfg = Release|Any CPU
		{C3169648-E285-4079-A41A-BE2753D16757}.Release|Any CPU.Build.0 = Release|Any CPU
		{3D45E3A1-317C-4D38-996F-AA398E3349D9}.Debug|Any CPU.ActiveCfg = Debug|Any CPU
		{3D45E3A1-317C-4D38-996F-AA398E3349D9}.Debug|Any CPU.Build.0 = Debug|Any CPU
		{3D45E3A1-317C-4D38-996F-AA398E3349D9}.Release|Any CPU.ActiveCfg = Release|Any CPU
		{3D45E3A1-317C-4D38-996F-AA398E3349D9}.Release|Any CPU.Build.0 = Release|Any CPU
		{A52E8AC5-2B3D-4518-8E52-D2BB688A66D8}.Debug|Any CPU.ActiveCfg = Debug|Any CPU
		{A52E8AC5-2B3D-4518-8E52-D2BB688A66D8}.Debug|Any CPU.Build.0 = Debug|Any CPU
		{A52E8AC5-2B3D-4518-8E52-D2BB688A66D8}.Release|Any CPU.ActiveCfg = Release|Any CPU
		{A52E8AC5-2B3D-4518-8E52-D2BB688A66D8}.Release|Any CPU.Build.0 = Release|Any CPU
		{E5C2883A-AC94-44EC-B56B-CA2DB2D70646}.Debug|Any CPU.ActiveCfg = Debug|Any CPU
		{E5C2883A-AC94-44EC-B56B-CA2DB2D70646}.Debug|Any CPU.Build.0 = Debug|Any CPU
		{E5C2883A-AC94-44EC-B56B-CA2DB2D70646}.Release|Any CPU.ActiveCfg = Release|Any CPU
		{E5C2883A-AC94-44EC-B56B-CA2DB2D70646}.Release|Any CPU.Build.0 = Release|Any CPU
		{D6997517-29B4-4601-AADD-400D1D540E48}.Debug|Any CPU.ActiveCfg = Debug|Any CPU
		{D6997517-29B4-4601-AADD-400D1D540E48}.Debug|Any CPU.Build.0 = Debug|Any CPU
		{D6997517-29B4-4601-AADD-400D1D540E48}.Release|Any CPU.ActiveCfg = Release|Any CPU
		{D6997517-29B4-4601-AADD-400D1D540E48}.Release|Any CPU.Build.0 = Release|Any CPU
		{87F2C19F-FE27-495F-B99B-17A9B0048995}.Debug|Any CPU.ActiveCfg = Debug|Any CPU
		{87F2C19F-FE27-495F-B99B-17A9B0048995}.Debug|Any CPU.Build.0 = Debug|Any CPU
		{87F2C19F-FE27-495F-B99B-17A9B0048995}.Release|Any CPU.ActiveCfg = Release|Any CPU
		{87F2C19F-FE27-495F-B99B-17A9B0048995}.Release|Any CPU.Build.0 = Release|Any CPU
		{BA76D2E5-C3FE-4D10-8D34-0AC548F83260}.Debug|Any CPU.ActiveCfg = Debug|Any CPU
		{BA76D2E5-C3FE-4D10-8D34-0AC548F83260}.Debug|Any CPU.Build.0 = Debug|Any CPU
		{BA76D2E5-C3FE-4D10-8D34-0AC548F83260}.Release|Any CPU.ActiveCfg = Release|Any CPU
		{BA76D2E5-C3FE-4D10-8D34-0AC548F83260}.Release|Any CPU.Build.0 = Release|Any CPU
		{83026801-6A93-410B-85E9-576B2902CE7B}.Debug|Any CPU.ActiveCfg = Debug|Any CPU
		{83026801-6A93-410B-85E9-576B2902CE7B}.Debug|Any CPU.Build.0 = Debug|Any CPU
		{83026801-6A93-410B-85E9-576B2902CE7B}.Release|Any CPU.ActiveCfg = Release|Any CPU
		{83026801-6A93-410B-85E9-576B2902CE7B}.Release|Any CPU.Build.0 = Release|Any CPU
		{4D687980-0EDF-46A9-B581-A95166CE37D9}.Debug|Any CPU.ActiveCfg = Debug|Any CPU
		{4D687980-0EDF-46A9-B581-A95166CE37D9}.Debug|Any CPU.Build.0 = Debug|Any CPU
		{4D687980-0EDF-46A9-B581-A95166CE37D9}.Release|Any CPU.ActiveCfg = Release|Any CPU
		{4D687980-0EDF-46A9-B581-A95166CE37D9}.Release|Any CPU.Build.0 = Release|Any CPU
		{1B075107-8769-4D0A-9FB9-0784F6FD9DB2}.Debug|Any CPU.ActiveCfg = Debug|Any CPU
		{1B075107-8769-4D0A-9FB9-0784F6FD9DB2}.Debug|Any CPU.Build.0 = Debug|Any CPU
		{1B075107-8769-4D0A-9FB9-0784F6FD9DB2}.Release|Any CPU.ActiveCfg = Release|Any CPU
		{1B075107-8769-4D0A-9FB9-0784F6FD9DB2}.Release|Any CPU.Build.0 = Release|Any CPU
		{6778E39B-1A09-47D0-A155-7333FA03CC6C}.Debug|Any CPU.ActiveCfg = Debug|Any CPU
		{6778E39B-1A09-47D0-A155-7333FA03CC6C}.Debug|Any CPU.Build.0 = Debug|Any CPU
		{6778E39B-1A09-47D0-A155-7333FA03CC6C}.Release|Any CPU.ActiveCfg = Release|Any CPU
		{6778E39B-1A09-47D0-A155-7333FA03CC6C}.Release|Any CPU.Build.0 = Release|Any CPU
		{9F581AB4-98F8-4AAB-BFD2-CCC6C0AE332E}.Debug|Any CPU.ActiveCfg = Debug|Any CPU
		{9F581AB4-98F8-4AAB-BFD2-CCC6C0AE332E}.Debug|Any CPU.Build.0 = Debug|Any CPU
		{9F581AB4-98F8-4AAB-BFD2-CCC6C0AE332E}.Release|Any CPU.ActiveCfg = Release|Any CPU
		{9F581AB4-98F8-4AAB-BFD2-CCC6C0AE332E}.Release|Any CPU.Build.0 = Release|Any CPU
	EndGlobalSection
	GlobalSection(SolutionProperties) = preSolution
		HideSolutionNode = FALSE
	EndGlobalSection
	GlobalSection(NestedProjects) = preSolution
		{E5C2883A-AC94-44EC-B56B-CA2DB2D70646} = {62186F4C-85D8-40B4-8822-4A4F95E17A3B}
		{D6997517-29B4-4601-AADD-400D1D540E48} = {62186F4C-85D8-40B4-8822-4A4F95E17A3B}
		{87F2C19F-FE27-495F-B99B-17A9B0048995} = {62186F4C-85D8-40B4-8822-4A4F95E17A3B}
		{BA76D2E5-C3FE-4D10-8D34-0AC548F83260} = {4C06004E-F844-4A21-BE47-6F92FC2C2B84}
		{83026801-6A93-410B-85E9-576B2902CE7B} = {4C06004E-F844-4A21-BE47-6F92FC2C2B84}
		{4D687980-0EDF-46A9-B581-A95166CE37D9} = {4C06004E-F844-4A21-BE47-6F92FC2C2B84}
		{1B075107-8769-4D0A-9FB9-0784F6FD9DB2} = {4C06004E-F844-4A21-BE47-6F92FC2C2B84}
		{6778E39B-1A09-47D0-A155-7333FA03CC6C} = {4C06004E-F844-4A21-BE47-6F92FC2C2B84}
		{9F581AB4-98F8-4AAB-BFD2-CCC6C0AE332E} = {4C06004E-F844-4A21-BE47-6F92FC2C2B84}
	EndGlobalSection
	GlobalSection(ExtensibilityGlobals) = postSolution
		SolutionGuid = {B408DA61-48F1-499F-9A01-A395DCE896B0}
	EndGlobalSection
EndGlobal
