
Microsoft Visual Studio Solution File, Format Version 12.00
# Visual Studio 15
VisualStudioVersion = 15.0.26730.16
MinimumVisualStudioVersion = 10.0.40219.1
Project("{2150E333-8FDC-42A3-9474-1A3956D46DE8}") = "LoLServer", "LoLServer", "{62186F4C-85D8-40B4-8822-4A4F95E17A3B}"
EndProject
Project("{FAE04EC0-301F-11D3-BF4B-00C04F79EFBC}") = "NetFrame", "LoLServer\NetFrame\NetFrame.csproj", "{E5C2883A-AC94-44EC-B56B-CA2DB2D70646}"
EndProject
Project("{FAE04EC0-301F-11D3-BF4B-00C04F79EFBC}") = "Protocol", "LoLServer\Protocol\Protocol.csproj", "{D6997517-29B4-4601-AADD-400D1D540E48}"
EndProject
Project("{FAE04EC0-301F-11D3-BF4B-00C04F79EFBC}") = "LOLServer", "LoLServer\LOLServer\LOLServer.csproj", "{87F2C19F-FE27-495F-B99B-17A9B0048995}"
EndProject
Project("{2150E333-8FDC-42A3-9474-1A3956D46DE8}") = "JungleServer", "JungleServer", "{4C06004E-F844-4A21-BE47-6F92FC2C2B84}"
EndProject
Project("{FAE04EC0-301F-11D3-BF4B-00C04F79EFBC}") = "TCP服务器端", "JungleSever\TCP服务器端\TCP服务器端.csproj", "{BA76D2E5-C3FE-4D10-8D34-0AC548F83260}"
EndProject
Project("{FAE04EC0-301F-11D3-BF4B-00C04F79EFBC}") = "TCP客户端", "JungleSever\TCP客户端\TCP客户端.csproj", "{83026801-6A93-410B-85E9-576B2902CE7B}"
EndProject
Project("{FAE04EC0-301F-11D3-BF4B-00C04F79EFBC}") = "MySQL数据库操作", "JungleSever\MySQL数据库操作\MySQL数据库操作.csproj", "{4D687980-0EDF-46A9-B581-A95166CE37D9}"
EndProject
Project("{FAE04EC0-301F-11D3-BF4B-00C04F79EFBC}") = "共享工程", "JungleSever\共享工程\共享工程.csproj", "{1B075107-8769-4D0A-9FB9-0784F6FD9DB2}"
EndProject
Project("{FAE04EC0-301F-11D3-BF4B-00C04F79EFBC}") = "数据转换成字节数组", "JungleSever\数据转换成字节数组\数据转换成字节数组.csproj", "{6778E39B-1A09-47D0-A155-7333FA03CC6C}"
EndProject
Project("{FAE04EC0-301F-11D3-BF4B-00C04F79EFBC}") = "游戏服务器端", "JungleSever\游戏服务器端\游戏服务器端.csproj", "{9F581AB4-98F8-4AAB-BFD2-CCC6C0AE332E}"
EndProject
Project("{2150E333-8FDC-42A3-9474-1A3956D46DE8}") = "websocket-sharp", "websocket-sharp", "{9B2A70C4-52CE-437B-B846-EBF7AA1A5D92}"
EndProject
Project("{FAE04EC0-301F-11D3-BF4B-00C04F79EFBC}") = "websocket-sharp", "websocket-sharp-master\websocket-sharp\websocket-sharp.csproj", "{B357BAC7-529E-4D81-A0D2-71041B19C8DE}"
EndProject
Project("{FAE04EC0-301F-11D3-BF4B-00C04F79EFBC}") = "Example", "websocket-sharp-master\Example\Example.csproj", "{52805AEC-EFB1-4F42-BB8E-3ED4E692C568}"
EndProject
Project("{FAE04EC0-301F-11D3-BF4B-00C04F79EFBC}") = "Example1", "websocket-sharp-master\Example1\Example1.csproj", "{390E2568-57B7-4D17-91E5-C29336368CCF}"
EndProject
Project("{FAE04EC0-301F-11D3-BF4B-00C04F79EFBC}") = "Example2", "websocket-sharp-master\Example2\Example2.csproj", "{B81A24C8-25BB-42B2-AF99-1E1EACCE74C7}"
EndProject
Project("{2150E333-8FDC-42A3-9474-1A3956D46DE8}") = "OtherProjects", "OtherProjects", "{5B68001E-E472-4EF4-A4DF-8CEB95FF4D72}"
EndProject
Project("{9A19103F-16F7-4668-BE54-9A1E7A4F7556}") = "UnityNetwork", "OtherProjects\UnityNetwork\UnityNetwork.csproj", "{AD9B0E59-D6AF-4B37-B47A-DE11597184B3}"
EndProject
Project("{FAE04EC0-301F-11D3-BF4B-00C04F79EFBC}") = "Wodsoft.Net", "OtherProjects\Wodsoft.Net\Wodsoft.Net.csproj", "{A52E8AC5-2B3D-4518-8E52-D2BB688A66D8}"
EndProject
Project("{2150E333-8FDC-42A3-9474-1A3956D46DE8}") = "TestProjects", "TestProjects", "{B5EF88ED-7BA7-4F06-BEF4-1A32C57BB1D9}"
EndProject
Project("{9A19103F-16F7-4668-BE54-9A1E7A4F7556}") = "Server", "TestProjects\Server\Server.csproj", "{35A9D6A1-EE32-4C46-97E5-47BB51075C0F}"
EndProject
Project("{FAE04EC0-301F-11D3-BF4B-00C04F79EFBC}") = "NetworkCore", "NetworkCore\NetworkCore.csproj", "{8FAB9264-A9CF-4CE5-B3F2-4E3942B4D376}"
EndProject
Project("{9A19103F-16F7-4668-BE54-9A1E7A4F7556}") = "MySql", "TestProjects\MySql\MySql.csproj", "{3A393C92-B2EC-45D4-B335-60969053B9CB}"
EndProject
Project("{2150E333-8FDC-42A3-9474-1A3956D46DE8}") = "PhotonServer", "PhotonServer", "{58E107AA-C28D-4B91-AFBB-4691B3C2DAB7}"
EndProject
Project("{FAE04EC0-301F-11D3-BF4B-00C04F79EFBC}") = "ExitGames.Logging.Log4Net", "photonServer\ExitGames.Logging.Log4Net\ExitGames.Logging.Log4Net.csproj", "{092CC53F-6666-43F1-875F-D45035693C16}"
EndProject
Project("{FAE04EC0-301F-11D3-BF4B-00C04F79EFBC}") = "ExitGamesLibs", "photonServer\ExitGamesLibs\ExitGamesLibs.csproj", "{771CF3C7-5268-469D-99C5-0D1454B8CCA7}"
EndProject
Project("{FAE04EC0-301F-11D3-BF4B-00C04F79EFBC}") = "MyServer", "photonServer\MyServer\MyServer.csproj", "{0FC105D0-8C0E-4E6F-860D-224448C08808}"
EndProject
Project("{FAE04EC0-301F-11D3-BF4B-00C04F79EFBC}") = "Photon.MmoDemo.Client.DotNet", "photonServer\Photon.MmoDemo.Client.DotNet\Photon.MmoDemo.Client.DotNet.csproj", "{3D1BDDDB-7B35-4A5A-999F-0E269C23B603}"
EndProject
Project("{FAE04EC0-301F-11D3-BF4B-00C04F79EFBC}") = "Photon.MmoDemo.Client.Unity3D", "photonServer\Photon.MmoDemo.Client.Unity3D\Photon.MmoDemo.Client.Unity3D.csproj", "{170CE1BC-2D9C-4344-8E9D-07BAA2E3FB94}"
EndProject
Project("{FAE04EC0-301F-11D3-BF4B-00C04F79EFBC}") = "Assembly-CSharp", "photonServer\Photon.MmoDemo.Client.UnityGrid\Assembly-CSharp.csproj", "{3F63A5E7-6C26-29D0-EFD5-A506C3C62E8A}"
EndProject
Project("{FAE04EC0-301F-11D3-BF4B-00C04F79EFBC}") = "Photon.MmoDemo.Client.WinGrid", "photonServer\Photon.MmoDemo.Client.WinGrid\Photon.MmoDemo.Client.WinGrid.csproj", "{414BBF18-9BCC-42B6-B65D-F8D44AEB45DA}"
EndProject
Project("{FAE04EC0-301F-11D3-BF4B-00C04F79EFBC}") = "Photon.MmoDemo.Common", "photonServer\Photon.MmoDemo.Common\Photon.MmoDemo.Common.csproj", "{8C1F7F02-10EA-436F-9679-D4DB5B666BDB}"
EndProject
Project("{FAE04EC0-301F-11D3-BF4B-00C04F79EFBC}") = "Photon.MmoDemo.Server", "photonServer\Photon.MmoDemo.Server\Photon.MmoDemo.Server.csproj", "{889BEFC8-4AA4-4561-9CA0-7F6550AD0ACA}"
EndProject
Project("{FAE04EC0-301F-11D3-BF4B-00C04F79EFBC}") = "Photon.MmoDemo.Tests", "photonServer\Photon.MmoDemo.Tests\Photon.MmoDemo.Tests.csproj", "{2F8E27D5-9DF4-4183-BF73-62C1F144D12F}"
EndProject
Project("{FAE04EC0-301F-11D3-BF4B-00C04F79EFBC}") = "Photon.SocketServer", "photonServer\Photon.SocketServer\Photon.SocketServer.csproj", "{D2E216D8-602A-4F0A-833C-35C8EAC7C8D3}"
EndProject
Project("{FAE04EC0-301F-11D3-BF4B-00C04F79EFBC}") = "Photon3DotNet", "photonServer\Photon3DotNet\Photon3DotNet.csproj", "{5E9C23D2-6C20-430D-9CEE-663B7551BF57}"
EndProject
Project("{FAE04EC0-301F-11D3-BF4B-00C04F79EFBC}") = "PhotonControl", "photonServer\PhotonControl\PhotonControl.csproj", "{E3860F0B-904B-474D-B28A-4C8E81E1AE38}"
EndProject
Project("{FAE04EC0-301F-11D3-BF4B-00C04F79EFBC}") = "PhotonHostRuntime", "photonServer\PhotonHostRuntime\PhotonHostRuntime.csproj", "{AF0EB3D6-F385-4DC0-8A8E-742FFA3578B9}"
EndProject
Project("{FAE04EC0-301F-11D3-BF4B-00C04F79EFBC}") = "PhotonHostRuntimeInterfaces", "photonServer\PhotonHostRuntimeInterfaces\PhotonHostRuntimeInterfaces.csproj", "{4A770663-2D2D-4F7B-85FD-9BC52EDD57B9}"
EndProject
Project("{2150E333-8FDC-42A3-9474-1A3956D46DE8}") = "IOCPDemo_NET_V4", "IOCPDemo_NET_V4", "{85A5989B-1EAB-4308-B03C-8F4E8954AB25}"
EndProject
Project("{FAE04EC0-301F-11D3-BF4B-00C04F79EFBC}") = "NETIOCPSvr", "IOCPDemo_NET_V4\NETIOCPSvr\NETIOCPSvr.csproj", "{119D500C-48AA-4C40-8189-0783653F8086}"
EndProject
Project("{FAE04EC0-301F-11D3-BF4B-00C04F79EFBC}") = "NETUploadClient", "IOCPDemo_NET_V4\NETUploadClient\NETUploadClient.csproj", "{1EA7CDFC-C506-4598-8E32-C256437D7DA4}"
EndProject
Project("{FAE04EC0-301F-11D3-BF4B-00C04F79EFBC}") = "Common", "TestProjects\Common\Common.csproj", "{F0C5EA50-CD20-45F1-9BBA-BBE7C9408B23}"
EndProject
Project("{9A19103F-16F7-4668-BE54-9A1E7A4F7556}") = "GameServer", "GameServer\GameServer.csproj", "{0F5A196C-AA64-4E8D-87F2-8F6458D275BC}"
EndProject
Project("{FAE04EC0-301F-11D3-BF4B-00C04F79EFBC}") = "Client", "TestProjects\Client\Client.csproj", "{343B38BD-BF38-4CD0-95B1-A5B3B757A56A}"
EndProject
Global
	GlobalSection(SolutionConfigurationPlatforms) = preSolution
		Debug_Ubuntu|Any CPU = Debug_Ubuntu|Any CPU
		Debug_Ubuntu|x64 = Debug_Ubuntu|x64
		Debug_Ubuntu|x86 = Debug_Ubuntu|x86
		Debug|Any CPU = Debug|Any CPU
		Debug|x64 = Debug|x64
		Debug|x86 = Debug|x86
		Release_Ubuntu|Any CPU = Release_Ubuntu|Any CPU
		Release_Ubuntu|x64 = Release_Ubuntu|x64
		Release_Ubuntu|x86 = Release_Ubuntu|x86
		Release|Any CPU = Release|Any CPU
		Release|x64 = Release|x64
		Release|x86 = Release|x86
	EndGlobalSection
	GlobalSection(ProjectConfigurationPlatforms) = postSolution
		{E5C2883A-AC94-44EC-B56B-CA2DB2D70646}.Debug_Ubuntu|Any CPU.ActiveCfg = Debug|Any CPU
		{E5C2883A-AC94-44EC-B56B-CA2DB2D70646}.Debug_Ubuntu|Any CPU.Build.0 = Debug|Any CPU
		{E5C2883A-AC94-44EC-B56B-CA2DB2D70646}.Debug_Ubuntu|x64.ActiveCfg = Debug|Any CPU
		{E5C2883A-AC94-44EC-B56B-CA2DB2D70646}.Debug_Ubuntu|x64.Build.0 = Debug|Any CPU
		{E5C2883A-AC94-44EC-B56B-CA2DB2D70646}.Debug_Ubuntu|x86.ActiveCfg = Debug|Any CPU
		{E5C2883A-AC94-44EC-B56B-CA2DB2D70646}.Debug_Ubuntu|x86.Build.0 = Debug|Any CPU
		{E5C2883A-AC94-44EC-B56B-CA2DB2D70646}.Debug|Any CPU.ActiveCfg = Debug|Any CPU
		{E5C2883A-AC94-44EC-B56B-CA2DB2D70646}.Debug|Any CPU.Build.0 = Debug|Any CPU
		{E5C2883A-AC94-44EC-B56B-CA2DB2D70646}.Debug|x64.ActiveCfg = Debug|Any CPU
		{E5C2883A-AC94-44EC-B56B-CA2DB2D70646}.Debug|x64.Build.0 = Debug|Any CPU
		{E5C2883A-AC94-44EC-B56B-CA2DB2D70646}.Debug|x86.ActiveCfg = Debug|Any CPU
		{E5C2883A-AC94-44EC-B56B-CA2DB2D70646}.Debug|x86.Build.0 = Debug|Any CPU
		{E5C2883A-AC94-44EC-B56B-CA2DB2D70646}.Release_Ubuntu|Any CPU.ActiveCfg = Release|Any CPU
		{E5C2883A-AC94-44EC-B56B-CA2DB2D70646}.Release_Ubuntu|Any CPU.Build.0 = Release|Any CPU
		{E5C2883A-AC94-44EC-B56B-CA2DB2D70646}.Release_Ubuntu|x64.ActiveCfg = Release|Any CPU
		{E5C2883A-AC94-44EC-B56B-CA2DB2D70646}.Release_Ubuntu|x64.Build.0 = Release|Any CPU
		{E5C2883A-AC94-44EC-B56B-CA2DB2D70646}.Release_Ubuntu|x86.ActiveCfg = Release|Any CPU
		{E5C2883A-AC94-44EC-B56B-CA2DB2D70646}.Release_Ubuntu|x86.Build.0 = Release|Any CPU
		{E5C2883A-AC94-44EC-B56B-CA2DB2D70646}.Release|Any CPU.ActiveCfg = Release|Any CPU
		{E5C2883A-AC94-44EC-B56B-CA2DB2D70646}.Release|Any CPU.Build.0 = Release|Any CPU
		{E5C2883A-AC94-44EC-B56B-CA2DB2D70646}.Release|x64.ActiveCfg = Release|Any CPU
		{E5C2883A-AC94-44EC-B56B-CA2DB2D70646}.Release|x64.Build.0 = Release|Any CPU
		{E5C2883A-AC94-44EC-B56B-CA2DB2D70646}.Release|x86.ActiveCfg = Release|Any CPU
		{E5C2883A-AC94-44EC-B56B-CA2DB2D70646}.Release|x86.Build.0 = Release|Any CPU
		{D6997517-29B4-4601-AADD-400D1D540E48}.Debug_Ubuntu|Any CPU.ActiveCfg = Debug|Any CPU
		{D6997517-29B4-4601-AADD-400D1D540E48}.Debug_Ubuntu|Any CPU.Build.0 = Debug|Any CPU
		{D6997517-29B4-4601-AADD-400D1D540E48}.Debug_Ubuntu|x64.ActiveCfg = Debug|Any CPU
		{D6997517-29B4-4601-AADD-400D1D540E48}.Debug_Ubuntu|x64.Build.0 = Debug|Any CPU
		{D6997517-29B4-4601-AADD-400D1D540E48}.Debug_Ubuntu|x86.ActiveCfg = Debug|Any CPU
		{D6997517-29B4-4601-AADD-400D1D540E48}.Debug_Ubuntu|x86.Build.0 = Debug|Any CPU
		{D6997517-29B4-4601-AADD-400D1D540E48}.Debug|Any CPU.ActiveCfg = Debug|Any CPU
		{D6997517-29B4-4601-AADD-400D1D540E48}.Debug|Any CPU.Build.0 = Debug|Any CPU
		{D6997517-29B4-4601-AADD-400D1D540E48}.Debug|x64.ActiveCfg = Debug|Any CPU
		{D6997517-29B4-4601-AADD-400D1D540E48}.Debug|x64.Build.0 = Debug|Any CPU
		{D6997517-29B4-4601-AADD-400D1D540E48}.Debug|x86.ActiveCfg = Debug|Any CPU
		{D6997517-29B4-4601-AADD-400D1D540E48}.Debug|x86.Build.0 = Debug|Any CPU
		{D6997517-29B4-4601-AADD-400D1D540E48}.Release_Ubuntu|Any CPU.ActiveCfg = Release|Any CPU
		{D6997517-29B4-4601-AADD-400D1D540E48}.Release_Ubuntu|Any CPU.Build.0 = Release|Any CPU
		{D6997517-29B4-4601-AADD-400D1D540E48}.Release_Ubuntu|x64.ActiveCfg = Release|Any CPU
		{D6997517-29B4-4601-AADD-400D1D540E48}.Release_Ubuntu|x64.Build.0 = Release|Any CPU
		{D6997517-29B4-4601-AADD-400D1D540E48}.Release_Ubuntu|x86.ActiveCfg = Release|Any CPU
		{D6997517-29B4-4601-AADD-400D1D540E48}.Release_Ubuntu|x86.Build.0 = Release|Any CPU
		{D6997517-29B4-4601-AADD-400D1D540E48}.Release|Any CPU.ActiveCfg = Release|Any CPU
		{D6997517-29B4-4601-AADD-400D1D540E48}.Release|Any CPU.Build.0 = Release|Any CPU
		{D6997517-29B4-4601-AADD-400D1D540E48}.Release|x64.ActiveCfg = Release|Any CPU
		{D6997517-29B4-4601-AADD-400D1D540E48}.Release|x64.Build.0 = Release|Any CPU
		{D6997517-29B4-4601-AADD-400D1D540E48}.Release|x86.ActiveCfg = Release|Any CPU
		{D6997517-29B4-4601-AADD-400D1D540E48}.Release|x86.Build.0 = Release|Any CPU
		{87F2C19F-FE27-495F-B99B-17A9B0048995}.Debug_Ubuntu|Any CPU.ActiveCfg = Debug|Any CPU
		{87F2C19F-FE27-495F-B99B-17A9B0048995}.Debug_Ubuntu|Any CPU.Build.0 = Debug|Any CPU
		{87F2C19F-FE27-495F-B99B-17A9B0048995}.Debug_Ubuntu|x64.ActiveCfg = Debug|Any CPU
		{87F2C19F-FE27-495F-B99B-17A9B0048995}.Debug_Ubuntu|x64.Build.0 = Debug|Any CPU
		{87F2C19F-FE27-495F-B99B-17A9B0048995}.Debug_Ubuntu|x86.ActiveCfg = Debug|Any CPU
		{87F2C19F-FE27-495F-B99B-17A9B0048995}.Debug_Ubuntu|x86.Build.0 = Debug|Any CPU
		{87F2C19F-FE27-495F-B99B-17A9B0048995}.Debug|Any CPU.ActiveCfg = Debug|Any CPU
		{87F2C19F-FE27-495F-B99B-17A9B0048995}.Debug|Any CPU.Build.0 = Debug|Any CPU
		{87F2C19F-FE27-495F-B99B-17A9B0048995}.Debug|x64.ActiveCfg = Debug|Any CPU
		{87F2C19F-FE27-495F-B99B-17A9B0048995}.Debug|x64.Build.0 = Debug|Any CPU
		{87F2C19F-FE27-495F-B99B-17A9B0048995}.Debug|x86.ActiveCfg = Debug|Any CPU
		{87F2C19F-FE27-495F-B99B-17A9B0048995}.Debug|x86.Build.0 = Debug|Any CPU
		{87F2C19F-FE27-495F-B99B-17A9B0048995}.Release_Ubuntu|Any CPU.ActiveCfg = Release|Any CPU
		{87F2C19F-FE27-495F-B99B-17A9B0048995}.Release_Ubuntu|Any CPU.Build.0 = Release|Any CPU
		{87F2C19F-FE27-495F-B99B-17A9B0048995}.Release_Ubuntu|x64.ActiveCfg = Release|Any CPU
		{87F2C19F-FE27-495F-B99B-17A9B0048995}.Release_Ubuntu|x64.Build.0 = Release|Any CPU
		{87F2C19F-FE27-495F-B99B-17A9B0048995}.Release_Ubuntu|x86.ActiveCfg = Release|Any CPU
		{87F2C19F-FE27-495F-B99B-17A9B0048995}.Release_Ubuntu|x86.Build.0 = Release|Any CPU
		{87F2C19F-FE27-495F-B99B-17A9B0048995}.Release|Any CPU.ActiveCfg = Release|Any CPU
		{87F2C19F-FE27-495F-B99B-17A9B0048995}.Release|Any CPU.Build.0 = Release|Any CPU
		{87F2C19F-FE27-495F-B99B-17A9B0048995}.Release|x64.ActiveCfg = Release|Any CPU
		{87F2C19F-FE27-495F-B99B-17A9B0048995}.Release|x64.Build.0 = Release|Any CPU
		{87F2C19F-FE27-495F-B99B-17A9B0048995}.Release|x86.ActiveCfg = Release|Any CPU
		{87F2C19F-FE27-495F-B99B-17A9B0048995}.Release|x86.Build.0 = Release|Any CPU
		{BA76D2E5-C3FE-4D10-8D34-0AC548F83260}.Debug_Ubuntu|Any CPU.ActiveCfg = Debug|Any CPU
		{BA76D2E5-C3FE-4D10-8D34-0AC548F83260}.Debug_Ubuntu|Any CPU.Build.0 = Debug|Any CPU
		{BA76D2E5-C3FE-4D10-8D34-0AC548F83260}.Debug_Ubuntu|x64.ActiveCfg = Debug|Any CPU
		{BA76D2E5-C3FE-4D10-8D34-0AC548F83260}.Debug_Ubuntu|x64.Build.0 = Debug|Any CPU
		{BA76D2E5-C3FE-4D10-8D34-0AC548F83260}.Debug_Ubuntu|x86.ActiveCfg = Debug|Any CPU
		{BA76D2E5-C3FE-4D10-8D34-0AC548F83260}.Debug_Ubuntu|x86.Build.0 = Debug|Any CPU
		{BA76D2E5-C3FE-4D10-8D34-0AC548F83260}.Debug|Any CPU.ActiveCfg = Debug|Any CPU
		{BA76D2E5-C3FE-4D10-8D34-0AC548F83260}.Debug|Any CPU.Build.0 = Debug|Any CPU
		{BA76D2E5-C3FE-4D10-8D34-0AC548F83260}.Debug|x64.ActiveCfg = Debug|Any CPU
		{BA76D2E5-C3FE-4D10-8D34-0AC548F83260}.Debug|x64.Build.0 = Debug|Any CPU
		{BA76D2E5-C3FE-4D10-8D34-0AC548F83260}.Debug|x86.ActiveCfg = Debug|Any CPU
		{BA76D2E5-C3FE-4D10-8D34-0AC548F83260}.Debug|x86.Build.0 = Debug|Any CPU
		{BA76D2E5-C3FE-4D10-8D34-0AC548F83260}.Release_Ubuntu|Any CPU.ActiveCfg = Release|Any CPU
		{BA76D2E5-C3FE-4D10-8D34-0AC548F83260}.Release_Ubuntu|Any CPU.Build.0 = Release|Any CPU
		{BA76D2E5-C3FE-4D10-8D34-0AC548F83260}.Release_Ubuntu|x64.ActiveCfg = Release|Any CPU
		{BA76D2E5-C3FE-4D10-8D34-0AC548F83260}.Release_Ubuntu|x64.Build.0 = Release|Any CPU
		{BA76D2E5-C3FE-4D10-8D34-0AC548F83260}.Release_Ubuntu|x86.ActiveCfg = Release|Any CPU
		{BA76D2E5-C3FE-4D10-8D34-0AC548F83260}.Release_Ubuntu|x86.Build.0 = Release|Any CPU
		{BA76D2E5-C3FE-4D10-8D34-0AC548F83260}.Release|Any CPU.ActiveCfg = Release|Any CPU
		{BA76D2E5-C3FE-4D10-8D34-0AC548F83260}.Release|Any CPU.Build.0 = Release|Any CPU
		{BA76D2E5-C3FE-4D10-8D34-0AC548F83260}.Release|x64.ActiveCfg = Release|Any CPU
		{BA76D2E5-C3FE-4D10-8D34-0AC548F83260}.Release|x64.Build.0 = Release|Any CPU
		{BA76D2E5-C3FE-4D10-8D34-0AC548F83260}.Release|x86.ActiveCfg = Release|Any CPU
		{BA76D2E5-C3FE-4D10-8D34-0AC548F83260}.Release|x86.Build.0 = Release|Any CPU
		{83026801-6A93-410B-85E9-576B2902CE7B}.Debug_Ubuntu|Any CPU.ActiveCfg = Debug|Any CPU
		{83026801-6A93-410B-85E9-576B2902CE7B}.Debug_Ubuntu|Any CPU.Build.0 = Debug|Any CPU
		{83026801-6A93-410B-85E9-576B2902CE7B}.Debug_Ubuntu|x64.ActiveCfg = Debug|Any CPU
		{83026801-6A93-410B-85E9-576B2902CE7B}.Debug_Ubuntu|x64.Build.0 = Debug|Any CPU
		{83026801-6A93-410B-85E9-576B2902CE7B}.Debug_Ubuntu|x86.ActiveCfg = Debug|Any CPU
		{83026801-6A93-410B-85E9-576B2902CE7B}.Debug_Ubuntu|x86.Build.0 = Debug|Any CPU
		{83026801-6A93-410B-85E9-576B2902CE7B}.Debug|Any CPU.ActiveCfg = Debug|Any CPU
		{83026801-6A93-410B-85E9-576B2902CE7B}.Debug|Any CPU.Build.0 = Debug|Any CPU
		{83026801-6A93-410B-85E9-576B2902CE7B}.Debug|x64.ActiveCfg = Debug|Any CPU
		{83026801-6A93-410B-85E9-576B2902CE7B}.Debug|x64.Build.0 = Debug|Any CPU
		{83026801-6A93-410B-85E9-576B2902CE7B}.Debug|x86.ActiveCfg = Debug|Any CPU
		{83026801-6A93-410B-85E9-576B2902CE7B}.Debug|x86.Build.0 = Debug|Any CPU
		{83026801-6A93-410B-85E9-576B2902CE7B}.Release_Ubuntu|Any CPU.ActiveCfg = Release|Any CPU
		{83026801-6A93-410B-85E9-576B2902CE7B}.Release_Ubuntu|Any CPU.Build.0 = Release|Any CPU
		{83026801-6A93-410B-85E9-576B2902CE7B}.Release_Ubuntu|x64.ActiveCfg = Release|Any CPU
		{83026801-6A93-410B-85E9-576B2902CE7B}.Release_Ubuntu|x64.Build.0 = Release|Any CPU
		{83026801-6A93-410B-85E9-576B2902CE7B}.Release_Ubuntu|x86.ActiveCfg = Release|Any CPU
		{83026801-6A93-410B-85E9-576B2902CE7B}.Release_Ubuntu|x86.Build.0 = Release|Any CPU
		{83026801-6A93-410B-85E9-576B2902CE7B}.Release|Any CPU.ActiveCfg = Release|Any CPU
		{83026801-6A93-410B-85E9-576B2902CE7B}.Release|Any CPU.Build.0 = Release|Any CPU
		{83026801-6A93-410B-85E9-576B2902CE7B}.Release|x64.ActiveCfg = Release|Any CPU
		{83026801-6A93-410B-85E9-576B2902CE7B}.Release|x64.Build.0 = Release|Any CPU
		{83026801-6A93-410B-85E9-576B2902CE7B}.Release|x86.ActiveCfg = Release|Any CPU
		{83026801-6A93-410B-85E9-576B2902CE7B}.Release|x86.Build.0 = Release|Any CPU
		{4D687980-0EDF-46A9-B581-A95166CE37D9}.Debug_Ubuntu|Any CPU.ActiveCfg = Debug|Any CPU
		{4D687980-0EDF-46A9-B581-A95166CE37D9}.Debug_Ubuntu|Any CPU.Build.0 = Debug|Any CPU
		{4D687980-0EDF-46A9-B581-A95166CE37D9}.Debug_Ubuntu|x64.ActiveCfg = Debug|Any CPU
		{4D687980-0EDF-46A9-B581-A95166CE37D9}.Debug_Ubuntu|x64.Build.0 = Debug|Any CPU
		{4D687980-0EDF-46A9-B581-A95166CE37D9}.Debug_Ubuntu|x86.ActiveCfg = Debug|Any CPU
		{4D687980-0EDF-46A9-B581-A95166CE37D9}.Debug_Ubuntu|x86.Build.0 = Debug|Any CPU
		{4D687980-0EDF-46A9-B581-A95166CE37D9}.Debug|Any CPU.ActiveCfg = Debug|Any CPU
		{4D687980-0EDF-46A9-B581-A95166CE37D9}.Debug|Any CPU.Build.0 = Debug|Any CPU
		{4D687980-0EDF-46A9-B581-A95166CE37D9}.Debug|x64.ActiveCfg = Debug|Any CPU
		{4D687980-0EDF-46A9-B581-A95166CE37D9}.Debug|x64.Build.0 = Debug|Any CPU
		{4D687980-0EDF-46A9-B581-A95166CE37D9}.Debug|x86.ActiveCfg = Debug|Any CPU
		{4D687980-0EDF-46A9-B581-A95166CE37D9}.Debug|x86.Build.0 = Debug|Any CPU
		{4D687980-0EDF-46A9-B581-A95166CE37D9}.Release_Ubuntu|Any CPU.ActiveCfg = Release|Any CPU
		{4D687980-0EDF-46A9-B581-A95166CE37D9}.Release_Ubuntu|Any CPU.Build.0 = Release|Any CPU
		{4D687980-0EDF-46A9-B581-A95166CE37D9}.Release_Ubuntu|x64.ActiveCfg = Release|Any CPU
		{4D687980-0EDF-46A9-B581-A95166CE37D9}.Release_Ubuntu|x64.Build.0 = Release|Any CPU
		{4D687980-0EDF-46A9-B581-A95166CE37D9}.Release_Ubuntu|x86.ActiveCfg = Release|Any CPU
		{4D687980-0EDF-46A9-B581-A95166CE37D9}.Release_Ubuntu|x86.Build.0 = Release|Any CPU
		{4D687980-0EDF-46A9-B581-A95166CE37D9}.Release|Any CPU.ActiveCfg = Release|Any CPU
		{4D687980-0EDF-46A9-B581-A95166CE37D9}.Release|Any CPU.Build.0 = Release|Any CPU
		{4D687980-0EDF-46A9-B581-A95166CE37D9}.Release|x64.ActiveCfg = Release|Any CPU
		{4D687980-0EDF-46A9-B581-A95166CE37D9}.Release|x64.Build.0 = Release|Any CPU
		{4D687980-0EDF-46A9-B581-A95166CE37D9}.Release|x86.ActiveCfg = Release|Any CPU
		{4D687980-0EDF-46A9-B581-A95166CE37D9}.Release|x86.Build.0 = Release|Any CPU
		{1B075107-8769-4D0A-9FB9-0784F6FD9DB2}.Debug_Ubuntu|Any CPU.ActiveCfg = Debug|Any CPU
		{1B075107-8769-4D0A-9FB9-0784F6FD9DB2}.Debug_Ubuntu|Any CPU.Build.0 = Debug|Any CPU
		{1B075107-8769-4D0A-9FB9-0784F6FD9DB2}.Debug_Ubuntu|x64.ActiveCfg = Debug|Any CPU
		{1B075107-8769-4D0A-9FB9-0784F6FD9DB2}.Debug_Ubuntu|x64.Build.0 = Debug|Any CPU
		{1B075107-8769-4D0A-9FB9-0784F6FD9DB2}.Debug_Ubuntu|x86.ActiveCfg = Debug|Any CPU
		{1B075107-8769-4D0A-9FB9-0784F6FD9DB2}.Debug_Ubuntu|x86.Build.0 = Debug|Any CPU
		{1B075107-8769-4D0A-9FB9-0784F6FD9DB2}.Debug|Any CPU.ActiveCfg = Debug|Any CPU
		{1B075107-8769-4D0A-9FB9-0784F6FD9DB2}.Debug|Any CPU.Build.0 = Debug|Any CPU
		{1B075107-8769-4D0A-9FB9-0784F6FD9DB2}.Debug|x64.ActiveCfg = Debug|Any CPU
		{1B075107-8769-4D0A-9FB9-0784F6FD9DB2}.Debug|x64.Build.0 = Debug|Any CPU
		{1B075107-8769-4D0A-9FB9-0784F6FD9DB2}.Debug|x86.ActiveCfg = Debug|Any CPU
		{1B075107-8769-4D0A-9FB9-0784F6FD9DB2}.Debug|x86.Build.0 = Debug|Any CPU
		{1B075107-8769-4D0A-9FB9-0784F6FD9DB2}.Release_Ubuntu|Any CPU.ActiveCfg = Release|Any CPU
		{1B075107-8769-4D0A-9FB9-0784F6FD9DB2}.Release_Ubuntu|Any CPU.Build.0 = Release|Any CPU
		{1B075107-8769-4D0A-9FB9-0784F6FD9DB2}.Release_Ubuntu|x64.ActiveCfg = Release|Any CPU
		{1B075107-8769-4D0A-9FB9-0784F6FD9DB2}.Release_Ubuntu|x64.Build.0 = Release|Any CPU
		{1B075107-8769-4D0A-9FB9-0784F6FD9DB2}.Release_Ubuntu|x86.ActiveCfg = Release|Any CPU
		{1B075107-8769-4D0A-9FB9-0784F6FD9DB2}.Release_Ubuntu|x86.Build.0 = Release|Any CPU
		{1B075107-8769-4D0A-9FB9-0784F6FD9DB2}.Release|Any CPU.ActiveCfg = Release|Any CPU
		{1B075107-8769-4D0A-9FB9-0784F6FD9DB2}.Release|Any CPU.Build.0 = Release|Any CPU
		{1B075107-8769-4D0A-9FB9-0784F6FD9DB2}.Release|x64.ActiveCfg = Release|Any CPU
		{1B075107-8769-4D0A-9FB9-0784F6FD9DB2}.Release|x64.Build.0 = Release|Any CPU
		{1B075107-8769-4D0A-9FB9-0784F6FD9DB2}.Release|x86.ActiveCfg = Release|Any CPU
		{1B075107-8769-4D0A-9FB9-0784F6FD9DB2}.Release|x86.Build.0 = Release|Any CPU
		{6778E39B-1A09-47D0-A155-7333FA03CC6C}.Debug_Ubuntu|Any CPU.ActiveCfg = Debug|Any CPU
		{6778E39B-1A09-47D0-A155-7333FA03CC6C}.Debug_Ubuntu|Any CPU.Build.0 = Debug|Any CPU
		{6778E39B-1A09-47D0-A155-7333FA03CC6C}.Debug_Ubuntu|x64.ActiveCfg = Debug|Any CPU
		{6778E39B-1A09-47D0-A155-7333FA03CC6C}.Debug_Ubuntu|x64.Build.0 = Debug|Any CPU
		{6778E39B-1A09-47D0-A155-7333FA03CC6C}.Debug_Ubuntu|x86.ActiveCfg = Debug|Any CPU
		{6778E39B-1A09-47D0-A155-7333FA03CC6C}.Debug_Ubuntu|x86.Build.0 = Debug|Any CPU
		{6778E39B-1A09-47D0-A155-7333FA03CC6C}.Debug|Any CPU.ActiveCfg = Debug|Any CPU
		{6778E39B-1A09-47D0-A155-7333FA03CC6C}.Debug|Any CPU.Build.0 = Debug|Any CPU
		{6778E39B-1A09-47D0-A155-7333FA03CC6C}.Debug|x64.ActiveCfg = Debug|Any CPU
		{6778E39B-1A09-47D0-A155-7333FA03CC6C}.Debug|x64.Build.0 = Debug|Any CPU
		{6778E39B-1A09-47D0-A155-7333FA03CC6C}.Debug|x86.ActiveCfg = Debug|Any CPU
		{6778E39B-1A09-47D0-A155-7333FA03CC6C}.Debug|x86.Build.0 = Debug|Any CPU
		{6778E39B-1A09-47D0-A155-7333FA03CC6C}.Release_Ubuntu|Any CPU.ActiveCfg = Release|Any CPU
		{6778E39B-1A09-47D0-A155-7333FA03CC6C}.Release_Ubuntu|Any CPU.Build.0 = Release|Any CPU
		{6778E39B-1A09-47D0-A155-7333FA03CC6C}.Release_Ubuntu|x64.ActiveCfg = Release|Any CPU
		{6778E39B-1A09-47D0-A155-7333FA03CC6C}.Release_Ubuntu|x64.Build.0 = Release|Any CPU
		{6778E39B-1A09-47D0-A155-7333FA03CC6C}.Release_Ubuntu|x86.ActiveCfg = Release|Any CPU
		{6778E39B-1A09-47D0-A155-7333FA03CC6C}.Release_Ubuntu|x86.Build.0 = Release|Any CPU
		{6778E39B-1A09-47D0-A155-7333FA03CC6C}.Release|Any CPU.ActiveCfg = Release|Any CPU
		{6778E39B-1A09-47D0-A155-7333FA03CC6C}.Release|Any CPU.Build.0 = Release|Any CPU
		{6778E39B-1A09-47D0-A155-7333FA03CC6C}.Release|x64.ActiveCfg = Release|Any CPU
		{6778E39B-1A09-47D0-A155-7333FA03CC6C}.Release|x64.Build.0 = Release|Any CPU
		{6778E39B-1A09-47D0-A155-7333FA03CC6C}.Release|x86.ActiveCfg = Release|Any CPU
		{6778E39B-1A09-47D0-A155-7333FA03CC6C}.Release|x86.Build.0 = Release|Any CPU
		{9F581AB4-98F8-4AAB-BFD2-CCC6C0AE332E}.Debug_Ubuntu|Any CPU.ActiveCfg = Debug|Any CPU
		{9F581AB4-98F8-4AAB-BFD2-CCC6C0AE332E}.Debug_Ubuntu|Any CPU.Build.0 = Debug|Any CPU
		{9F581AB4-98F8-4AAB-BFD2-CCC6C0AE332E}.Debug_Ubuntu|x64.ActiveCfg = Debug|Any CPU
		{9F581AB4-98F8-4AAB-BFD2-CCC6C0AE332E}.Debug_Ubuntu|x64.Build.0 = Debug|Any CPU
		{9F581AB4-98F8-4AAB-BFD2-CCC6C0AE332E}.Debug_Ubuntu|x86.ActiveCfg = Debug|Any CPU
		{9F581AB4-98F8-4AAB-BFD2-CCC6C0AE332E}.Debug_Ubuntu|x86.Build.0 = Debug|Any CPU
		{9F581AB4-98F8-4AAB-BFD2-CCC6C0AE332E}.Debug|Any CPU.ActiveCfg = Debug|Any CPU
		{9F581AB4-98F8-4AAB-BFD2-CCC6C0AE332E}.Debug|Any CPU.Build.0 = Debug|Any CPU
		{9F581AB4-98F8-4AAB-BFD2-CCC6C0AE332E}.Debug|x64.ActiveCfg = Debug|Any CPU
		{9F581AB4-98F8-4AAB-BFD2-CCC6C0AE332E}.Debug|x64.Build.0 = Debug|Any CPU
		{9F581AB4-98F8-4AAB-BFD2-CCC6C0AE332E}.Debug|x86.ActiveCfg = Debug|Any CPU
		{9F581AB4-98F8-4AAB-BFD2-CCC6C0AE332E}.Debug|x86.Build.0 = Debug|Any CPU
		{9F581AB4-98F8-4AAB-BFD2-CCC6C0AE332E}.Release_Ubuntu|Any CPU.ActiveCfg = Release|Any CPU
		{9F581AB4-98F8-4AAB-BFD2-CCC6C0AE332E}.Release_Ubuntu|Any CPU.Build.0 = Release|Any CPU
		{9F581AB4-98F8-4AAB-BFD2-CCC6C0AE332E}.Release_Ubuntu|x64.ActiveCfg = Release|Any CPU
		{9F581AB4-98F8-4AAB-BFD2-CCC6C0AE332E}.Release_Ubuntu|x64.Build.0 = Release|Any CPU
		{9F581AB4-98F8-4AAB-BFD2-CCC6C0AE332E}.Release_Ubuntu|x86.ActiveCfg = Release|Any CPU
		{9F581AB4-98F8-4AAB-BFD2-CCC6C0AE332E}.Release_Ubuntu|x86.Build.0 = Release|Any CPU
		{9F581AB4-98F8-4AAB-BFD2-CCC6C0AE332E}.Release|Any CPU.ActiveCfg = Release|Any CPU
		{9F581AB4-98F8-4AAB-BFD2-CCC6C0AE332E}.Release|Any CPU.Build.0 = Release|Any CPU
		{9F581AB4-98F8-4AAB-BFD2-CCC6C0AE332E}.Release|x64.ActiveCfg = Release|Any CPU
		{9F581AB4-98F8-4AAB-BFD2-CCC6C0AE332E}.Release|x64.Build.0 = Release|Any CPU
		{9F581AB4-98F8-4AAB-BFD2-CCC6C0AE332E}.Release|x86.ActiveCfg = Release|Any CPU
		{9F581AB4-98F8-4AAB-BFD2-CCC6C0AE332E}.Release|x86.Build.0 = Release|Any CPU
		{B357BAC7-529E-4D81-A0D2-71041B19C8DE}.Debug_Ubuntu|Any CPU.ActiveCfg = Debug_Ubuntu|Any CPU
		{B357BAC7-529E-4D81-A0D2-71041B19C8DE}.Debug_Ubuntu|Any CPU.Build.0 = Debug_Ubuntu|Any CPU
		{B357BAC7-529E-4D81-A0D2-71041B19C8DE}.Debug_Ubuntu|x64.ActiveCfg = Debug_Ubuntu|Any CPU
		{B357BAC7-529E-4D81-A0D2-71041B19C8DE}.Debug_Ubuntu|x64.Build.0 = Debug_Ubuntu|Any CPU
		{B357BAC7-529E-4D81-A0D2-71041B19C8DE}.Debug_Ubuntu|x86.ActiveCfg = Debug_Ubuntu|Any CPU
		{B357BAC7-529E-4D81-A0D2-71041B19C8DE}.Debug_Ubuntu|x86.Build.0 = Debug_Ubuntu|Any CPU
		{B357BAC7-529E-4D81-A0D2-71041B19C8DE}.Debug|Any CPU.ActiveCfg = Debug|Any CPU
		{B357BAC7-529E-4D81-A0D2-71041B19C8DE}.Debug|Any CPU.Build.0 = Debug|Any CPU
		{B357BAC7-529E-4D81-A0D2-71041B19C8DE}.Debug|x64.ActiveCfg = Debug|Any CPU
		{B357BAC7-529E-4D81-A0D2-71041B19C8DE}.Debug|x64.Build.0 = Debug|Any CPU
		{B357BAC7-529E-4D81-A0D2-71041B19C8DE}.Debug|x86.ActiveCfg = Debug|Any CPU
		{B357BAC7-529E-4D81-A0D2-71041B19C8DE}.Debug|x86.Build.0 = Debug|Any CPU
		{B357BAC7-529E-4D81-A0D2-71041B19C8DE}.Release_Ubuntu|Any CPU.ActiveCfg = Release_Ubuntu|Any CPU
		{B357BAC7-529E-4D81-A0D2-71041B19C8DE}.Release_Ubuntu|Any CPU.Build.0 = Release_Ubuntu|Any CPU
		{B357BAC7-529E-4D81-A0D2-71041B19C8DE}.Release_Ubuntu|x64.ActiveCfg = Release_Ubuntu|Any CPU
		{B357BAC7-529E-4D81-A0D2-71041B19C8DE}.Release_Ubuntu|x64.Build.0 = Release_Ubuntu|Any CPU
		{B357BAC7-529E-4D81-A0D2-71041B19C8DE}.Release_Ubuntu|x86.ActiveCfg = Release_Ubuntu|Any CPU
		{B357BAC7-529E-4D81-A0D2-71041B19C8DE}.Release_Ubuntu|x86.Build.0 = Release_Ubuntu|Any CPU
		{B357BAC7-529E-4D81-A0D2-71041B19C8DE}.Release|Any CPU.ActiveCfg = Release|Any CPU
		{B357BAC7-529E-4D81-A0D2-71041B19C8DE}.Release|Any CPU.Build.0 = Release|Any CPU
		{B357BAC7-529E-4D81-A0D2-71041B19C8DE}.Release|x64.ActiveCfg = Release|Any CPU
		{B357BAC7-529E-4D81-A0D2-71041B19C8DE}.Release|x64.Build.0 = Release|Any CPU
		{B357BAC7-529E-4D81-A0D2-71041B19C8DE}.Release|x86.ActiveCfg = Release|Any CPU
		{B357BAC7-529E-4D81-A0D2-71041B19C8DE}.Release|x86.Build.0 = Release|Any CPU
		{52805AEC-EFB1-4F42-BB8E-3ED4E692C568}.Debug_Ubuntu|Any CPU.ActiveCfg = Debug_Ubuntu|Any CPU
		{52805AEC-EFB1-4F42-BB8E-3ED4E692C568}.Debug_Ubuntu|Any CPU.Build.0 = Debug_Ubuntu|Any CPU
		{52805AEC-EFB1-4F42-BB8E-3ED4E692C568}.Debug_Ubuntu|x64.ActiveCfg = Debug_Ubuntu|Any CPU
		{52805AEC-EFB1-4F42-BB8E-3ED4E692C568}.Debug_Ubuntu|x64.Build.0 = Debug_Ubuntu|Any CPU
		{52805AEC-EFB1-4F42-BB8E-3ED4E692C568}.Debug_Ubuntu|x86.ActiveCfg = Debug_Ubuntu|Any CPU
		{52805AEC-EFB1-4F42-BB8E-3ED4E692C568}.Debug_Ubuntu|x86.Build.0 = Debug_Ubuntu|Any CPU
		{52805AEC-EFB1-4F42-BB8E-3ED4E692C568}.Debug|Any CPU.ActiveCfg = Debug|Any CPU
		{52805AEC-EFB1-4F42-BB8E-3ED4E692C568}.Debug|Any CPU.Build.0 = Debug|Any CPU
		{52805AEC-EFB1-4F42-BB8E-3ED4E692C568}.Debug|x64.ActiveCfg = Debug|Any CPU
		{52805AEC-EFB1-4F42-BB8E-3ED4E692C568}.Debug|x64.Build.0 = Debug|Any CPU
		{52805AEC-EFB1-4F42-BB8E-3ED4E692C568}.Debug|x86.ActiveCfg = Debug|Any CPU
		{52805AEC-EFB1-4F42-BB8E-3ED4E692C568}.Debug|x86.Build.0 = Debug|Any CPU
		{52805AEC-EFB1-4F42-BB8E-3ED4E692C568}.Release_Ubuntu|Any CPU.ActiveCfg = Release_Ubuntu|Any CPU
		{52805AEC-EFB1-4F42-BB8E-3ED4E692C568}.Release_Ubuntu|Any CPU.Build.0 = Release_Ubuntu|Any CPU
		{52805AEC-EFB1-4F42-BB8E-3ED4E692C568}.Release_Ubuntu|x64.ActiveCfg = Release_Ubuntu|Any CPU
		{52805AEC-EFB1-4F42-BB8E-3ED4E692C568}.Release_Ubuntu|x64.Build.0 = Release_Ubuntu|Any CPU
		{52805AEC-EFB1-4F42-BB8E-3ED4E692C568}.Release_Ubuntu|x86.ActiveCfg = Release_Ubuntu|Any CPU
		{52805AEC-EFB1-4F42-BB8E-3ED4E692C568}.Release_Ubuntu|x86.Build.0 = Release_Ubuntu|Any CPU
		{52805AEC-EFB1-4F42-BB8E-3ED4E692C568}.Release|Any CPU.ActiveCfg = Release|Any CPU
		{52805AEC-EFB1-4F42-BB8E-3ED4E692C568}.Release|Any CPU.Build.0 = Release|Any CPU
		{52805AEC-EFB1-4F42-BB8E-3ED4E692C568}.Release|x64.ActiveCfg = Release|Any CPU
		{52805AEC-EFB1-4F42-BB8E-3ED4E692C568}.Release|x64.Build.0 = Release|Any CPU
		{52805AEC-EFB1-4F42-BB8E-3ED4E692C568}.Release|x86.ActiveCfg = Release|Any CPU
		{52805AEC-EFB1-4F42-BB8E-3ED4E692C568}.Release|x86.Build.0 = Release|Any CPU
		{390E2568-57B7-4D17-91E5-C29336368CCF}.Debug_Ubuntu|Any CPU.ActiveCfg = Debug_Ubuntu|Any CPU
		{390E2568-57B7-4D17-91E5-C29336368CCF}.Debug_Ubuntu|Any CPU.Build.0 = Debug_Ubuntu|Any CPU
		{390E2568-57B7-4D17-91E5-C29336368CCF}.Debug_Ubuntu|x64.ActiveCfg = Debug_Ubuntu|Any CPU
		{390E2568-57B7-4D17-91E5-C29336368CCF}.Debug_Ubuntu|x64.Build.0 = Debug_Ubuntu|Any CPU
		{390E2568-57B7-4D17-91E5-C29336368CCF}.Debug_Ubuntu|x86.ActiveCfg = Debug_Ubuntu|Any CPU
		{390E2568-57B7-4D17-91E5-C29336368CCF}.Debug_Ubuntu|x86.Build.0 = Debug_Ubuntu|Any CPU
		{390E2568-57B7-4D17-91E5-C29336368CCF}.Debug|Any CPU.ActiveCfg = Debug|Any CPU
		{390E2568-57B7-4D17-91E5-C29336368CCF}.Debug|Any CPU.Build.0 = Debug|Any CPU
		{390E2568-57B7-4D17-91E5-C29336368CCF}.Debug|x64.ActiveCfg = Debug|Any CPU
		{390E2568-57B7-4D17-91E5-C29336368CCF}.Debug|x64.Build.0 = Debug|Any CPU
		{390E2568-57B7-4D17-91E5-C29336368CCF}.Debug|x86.ActiveCfg = Debug|Any CPU
		{390E2568-57B7-4D17-91E5-C29336368CCF}.Debug|x86.Build.0 = Debug|Any CPU
		{390E2568-57B7-4D17-91E5-C29336368CCF}.Release_Ubuntu|Any CPU.ActiveCfg = Release_Ubuntu|Any CPU
		{390E2568-57B7-4D17-91E5-C29336368CCF}.Release_Ubuntu|Any CPU.Build.0 = Release_Ubuntu|Any CPU
		{390E2568-57B7-4D17-91E5-C29336368CCF}.Release_Ubuntu|x64.ActiveCfg = Release_Ubuntu|Any CPU
		{390E2568-57B7-4D17-91E5-C29336368CCF}.Release_Ubuntu|x64.Build.0 = Release_Ubuntu|Any CPU
		{390E2568-57B7-4D17-91E5-C29336368CCF}.Release_Ubuntu|x86.ActiveCfg = Release_Ubuntu|Any CPU
		{390E2568-57B7-4D17-91E5-C29336368CCF}.Release_Ubuntu|x86.Build.0 = Release_Ubuntu|Any CPU
		{390E2568-57B7-4D17-91E5-C29336368CCF}.Release|Any CPU.ActiveCfg = Release|Any CPU
		{390E2568-57B7-4D17-91E5-C29336368CCF}.Release|Any CPU.Build.0 = Release|Any CPU
		{390E2568-57B7-4D17-91E5-C29336368CCF}.Release|x64.ActiveCfg = Release|Any CPU
		{390E2568-57B7-4D17-91E5-C29336368CCF}.Release|x64.Build.0 = Release|Any CPU
		{390E2568-57B7-4D17-91E5-C29336368CCF}.Release|x86.ActiveCfg = Release|Any CPU
		{390E2568-57B7-4D17-91E5-C29336368CCF}.Release|x86.Build.0 = Release|Any CPU
		{B81A24C8-25BB-42B2-AF99-1E1EACCE74C7}.Debug_Ubuntu|Any CPU.ActiveCfg = Debug_Ubuntu|Any CPU
		{B81A24C8-25BB-42B2-AF99-1E1EACCE74C7}.Debug_Ubuntu|Any CPU.Build.0 = Debug_Ubuntu|Any CPU
		{B81A24C8-25BB-42B2-AF99-1E1EACCE74C7}.Debug_Ubuntu|x64.ActiveCfg = Debug_Ubuntu|Any CPU
		{B81A24C8-25BB-42B2-AF99-1E1EACCE74C7}.Debug_Ubuntu|x64.Build.0 = Debug_Ubuntu|Any CPU
		{B81A24C8-25BB-42B2-AF99-1E1EACCE74C7}.Debug_Ubuntu|x86.ActiveCfg = Debug_Ubuntu|Any CPU
		{B81A24C8-25BB-42B2-AF99-1E1EACCE74C7}.Debug_Ubuntu|x86.Build.0 = Debug_Ubuntu|Any CPU
		{B81A24C8-25BB-42B2-AF99-1E1EACCE74C7}.Debug|Any CPU.ActiveCfg = Debug|Any CPU
		{B81A24C8-25BB-42B2-AF99-1E1EACCE74C7}.Debug|Any CPU.Build.0 = Debug|Any CPU
		{B81A24C8-25BB-42B2-AF99-1E1EACCE74C7}.Debug|x64.ActiveCfg = Debug|Any CPU
		{B81A24C8-25BB-42B2-AF99-1E1EACCE74C7}.Debug|x64.Build.0 = Debug|Any CPU
		{B81A24C8-25BB-42B2-AF99-1E1EACCE74C7}.Debug|x86.ActiveCfg = Debug|Any CPU
		{B81A24C8-25BB-42B2-AF99-1E1EACCE74C7}.Debug|x86.Build.0 = Debug|Any CPU
		{B81A24C8-25BB-42B2-AF99-1E1EACCE74C7}.Release_Ubuntu|Any CPU.ActiveCfg = Release_Ubuntu|Any CPU
		{B81A24C8-25BB-42B2-AF99-1E1EACCE74C7}.Release_Ubuntu|Any CPU.Build.0 = Release_Ubuntu|Any CPU
		{B81A24C8-25BB-42B2-AF99-1E1EACCE74C7}.Release_Ubuntu|x64.ActiveCfg = Release_Ubuntu|Any CPU
		{B81A24C8-25BB-42B2-AF99-1E1EACCE74C7}.Release_Ubuntu|x64.Build.0 = Release_Ubuntu|Any CPU
		{B81A24C8-25BB-42B2-AF99-1E1EACCE74C7}.Release_Ubuntu|x86.ActiveCfg = Release_Ubuntu|Any CPU
		{B81A24C8-25BB-42B2-AF99-1E1EACCE74C7}.Release_Ubuntu|x86.Build.0 = Release_Ubuntu|Any CPU
		{B81A24C8-25BB-42B2-AF99-1E1EACCE74C7}.Release|Any CPU.ActiveCfg = Release|Any CPU
		{B81A24C8-25BB-42B2-AF99-1E1EACCE74C7}.Release|Any CPU.Build.0 = Release|Any CPU
		{B81A24C8-25BB-42B2-AF99-1E1EACCE74C7}.Release|x64.ActiveCfg = Release|Any CPU
		{B81A24C8-25BB-42B2-AF99-1E1EACCE74C7}.Release|x64.Build.0 = Release|Any CPU
		{B81A24C8-25BB-42B2-AF99-1E1EACCE74C7}.Release|x86.ActiveCfg = Release|Any CPU
		{B81A24C8-25BB-42B2-AF99-1E1EACCE74C7}.Release|x86.Build.0 = Release|Any CPU
		{AD9B0E59-D6AF-4B37-B47A-DE11597184B3}.Debug_Ubuntu|Any CPU.ActiveCfg = Debug|Any CPU
		{AD9B0E59-D6AF-4B37-B47A-DE11597184B3}.Debug_Ubuntu|Any CPU.Build.0 = Debug|Any CPU
		{AD9B0E59-D6AF-4B37-B47A-DE11597184B3}.Debug_Ubuntu|x64.ActiveCfg = Debug|Any CPU
		{AD9B0E59-D6AF-4B37-B47A-DE11597184B3}.Debug_Ubuntu|x64.Build.0 = Debug|Any CPU
		{AD9B0E59-D6AF-4B37-B47A-DE11597184B3}.Debug_Ubuntu|x86.ActiveCfg = Debug|Any CPU
		{AD9B0E59-D6AF-4B37-B47A-DE11597184B3}.Debug_Ubuntu|x86.Build.0 = Debug|Any CPU
		{AD9B0E59-D6AF-4B37-B47A-DE11597184B3}.Debug|Any CPU.ActiveCfg = Debug|Any CPU
		{AD9B0E59-D6AF-4B37-B47A-DE11597184B3}.Debug|Any CPU.Build.0 = Debug|Any CPU
		{AD9B0E59-D6AF-4B37-B47A-DE11597184B3}.Debug|x64.ActiveCfg = Debug|Any CPU
		{AD9B0E59-D6AF-4B37-B47A-DE11597184B3}.Debug|x64.Build.0 = Debug|Any CPU
		{AD9B0E59-D6AF-4B37-B47A-DE11597184B3}.Debug|x86.ActiveCfg = Debug|Any CPU
		{AD9B0E59-D6AF-4B37-B47A-DE11597184B3}.Debug|x86.Build.0 = Debug|Any CPU
		{AD9B0E59-D6AF-4B37-B47A-DE11597184B3}.Release_Ubuntu|Any CPU.ActiveCfg = Release|Any CPU
		{AD9B0E59-D6AF-4B37-B47A-DE11597184B3}.Release_Ubuntu|Any CPU.Build.0 = Release|Any CPU
		{AD9B0E59-D6AF-4B37-B47A-DE11597184B3}.Release_Ubuntu|x64.ActiveCfg = Release|Any CPU
		{AD9B0E59-D6AF-4B37-B47A-DE11597184B3}.Release_Ubuntu|x64.Build.0 = Release|Any CPU
		{AD9B0E59-D6AF-4B37-B47A-DE11597184B3}.Release_Ubuntu|x86.ActiveCfg = Release|Any CPU
		{AD9B0E59-D6AF-4B37-B47A-DE11597184B3}.Release_Ubuntu|x86.Build.0 = Release|Any CPU
		{AD9B0E59-D6AF-4B37-B47A-DE11597184B3}.Release|Any CPU.ActiveCfg = Release|Any CPU
		{AD9B0E59-D6AF-4B37-B47A-DE11597184B3}.Release|Any CPU.Build.0 = Release|Any CPU
		{AD9B0E59-D6AF-4B37-B47A-DE11597184B3}.Release|x64.ActiveCfg = Release|Any CPU
		{AD9B0E59-D6AF-4B37-B47A-DE11597184B3}.Release|x64.Build.0 = Release|Any CPU
		{AD9B0E59-D6AF-4B37-B47A-DE11597184B3}.Release|x86.ActiveCfg = Release|Any CPU
		{AD9B0E59-D6AF-4B37-B47A-DE11597184B3}.Release|x86.Build.0 = Release|Any CPU
		{A52E8AC5-2B3D-4518-8E52-D2BB688A66D8}.Debug_Ubuntu|Any CPU.ActiveCfg = Debug|Any CPU
		{A52E8AC5-2B3D-4518-8E52-D2BB688A66D8}.Debug_Ubuntu|Any CPU.Build.0 = Debug|Any CPU
		{A52E8AC5-2B3D-4518-8E52-D2BB688A66D8}.Debug_Ubuntu|x64.ActiveCfg = Debug|Any CPU
		{A52E8AC5-2B3D-4518-8E52-D2BB688A66D8}.Debug_Ubuntu|x64.Build.0 = Debug|Any CPU
		{A52E8AC5-2B3D-4518-8E52-D2BB688A66D8}.Debug_Ubuntu|x86.ActiveCfg = Debug|Any CPU
		{A52E8AC5-2B3D-4518-8E52-D2BB688A66D8}.Debug_Ubuntu|x86.Build.0 = Debug|Any CPU
		{A52E8AC5-2B3D-4518-8E52-D2BB688A66D8}.Debug|Any CPU.ActiveCfg = Debug|Any CPU
		{A52E8AC5-2B3D-4518-8E52-D2BB688A66D8}.Debug|Any CPU.Build.0 = Debug|Any CPU
		{A52E8AC5-2B3D-4518-8E52-D2BB688A66D8}.Debug|x64.ActiveCfg = Debug|Any CPU
		{A52E8AC5-2B3D-4518-8E52-D2BB688A66D8}.Debug|x64.Build.0 = Debug|Any CPU
		{A52E8AC5-2B3D-4518-8E52-D2BB688A66D8}.Debug|x86.ActiveCfg = Debug|Any CPU
		{A52E8AC5-2B3D-4518-8E52-D2BB688A66D8}.Debug|x86.Build.0 = Debug|Any CPU
		{A52E8AC5-2B3D-4518-8E52-D2BB688A66D8}.Release_Ubuntu|Any CPU.ActiveCfg = Release|Any CPU
		{A52E8AC5-2B3D-4518-8E52-D2BB688A66D8}.Release_Ubuntu|Any CPU.Build.0 = Release|Any CPU
		{A52E8AC5-2B3D-4518-8E52-D2BB688A66D8}.Release_Ubuntu|x64.ActiveCfg = Release|Any CPU
		{A52E8AC5-2B3D-4518-8E52-D2BB688A66D8}.Release_Ubuntu|x64.Build.0 = Release|Any CPU
		{A52E8AC5-2B3D-4518-8E52-D2BB688A66D8}.Release_Ubuntu|x86.ActiveCfg = Release|Any CPU
		{A52E8AC5-2B3D-4518-8E52-D2BB688A66D8}.Release_Ubuntu|x86.Build.0 = Release|Any CPU
		{A52E8AC5-2B3D-4518-8E52-D2BB688A66D8}.Release|Any CPU.ActiveCfg = Release|Any CPU
		{A52E8AC5-2B3D-4518-8E52-D2BB688A66D8}.Release|Any CPU.Build.0 = Release|Any CPU
		{A52E8AC5-2B3D-4518-8E52-D2BB688A66D8}.Release|x64.ActiveCfg = Release|Any CPU
		{A52E8AC5-2B3D-4518-8E52-D2BB688A66D8}.Release|x64.Build.0 = Release|Any CPU
		{A52E8AC5-2B3D-4518-8E52-D2BB688A66D8}.Release|x86.ActiveCfg = Release|Any CPU
		{A52E8AC5-2B3D-4518-8E52-D2BB688A66D8}.Release|x86.Build.0 = Release|Any CPU
		{35A9D6A1-EE32-4C46-97E5-47BB51075C0F}.Debug_Ubuntu|Any CPU.ActiveCfg = Debug|Any CPU
		{35A9D6A1-EE32-4C46-97E5-47BB51075C0F}.Debug_Ubuntu|Any CPU.Build.0 = Debug|Any CPU
		{35A9D6A1-EE32-4C46-97E5-47BB51075C0F}.Debug_Ubuntu|x64.ActiveCfg = Debug|Any CPU
		{35A9D6A1-EE32-4C46-97E5-47BB51075C0F}.Debug_Ubuntu|x64.Build.0 = Debug|Any CPU
		{35A9D6A1-EE32-4C46-97E5-47BB51075C0F}.Debug_Ubuntu|x86.ActiveCfg = Debug|Any CPU
		{35A9D6A1-EE32-4C46-97E5-47BB51075C0F}.Debug_Ubuntu|x86.Build.0 = Debug|Any CPU
		{35A9D6A1-EE32-4C46-97E5-47BB51075C0F}.Debug|Any CPU.ActiveCfg = Debug|Any CPU
		{35A9D6A1-EE32-4C46-97E5-47BB51075C0F}.Debug|Any CPU.Build.0 = Debug|Any CPU
		{35A9D6A1-EE32-4C46-97E5-47BB51075C0F}.Debug|x64.ActiveCfg = Debug|Any CPU
		{35A9D6A1-EE32-4C46-97E5-47BB51075C0F}.Debug|x64.Build.0 = Debug|Any CPU
		{35A9D6A1-EE32-4C46-97E5-47BB51075C0F}.Debug|x86.ActiveCfg = Debug|Any CPU
		{35A9D6A1-EE32-4C46-97E5-47BB51075C0F}.Debug|x86.Build.0 = Debug|Any CPU
		{35A9D6A1-EE32-4C46-97E5-47BB51075C0F}.Release_Ubuntu|Any CPU.ActiveCfg = Release|Any CPU
		{35A9D6A1-EE32-4C46-97E5-47BB51075C0F}.Release_Ubuntu|Any CPU.Build.0 = Release|Any CPU
		{35A9D6A1-EE32-4C46-97E5-47BB51075C0F}.Release_Ubuntu|x64.ActiveCfg = Release|Any CPU
		{35A9D6A1-EE32-4C46-97E5-47BB51075C0F}.Release_Ubuntu|x64.Build.0 = Release|Any CPU
		{35A9D6A1-EE32-4C46-97E5-47BB51075C0F}.Release_Ubuntu|x86.ActiveCfg = Release|Any CPU
		{35A9D6A1-EE32-4C46-97E5-47BB51075C0F}.Release_Ubuntu|x86.Build.0 = Release|Any CPU
		{35A9D6A1-EE32-4C46-97E5-47BB51075C0F}.Release|Any CPU.ActiveCfg = Release|Any CPU
		{35A9D6A1-EE32-4C46-97E5-47BB51075C0F}.Release|Any CPU.Build.0 = Release|Any CPU
		{35A9D6A1-EE32-4C46-97E5-47BB51075C0F}.Release|x64.ActiveCfg = Release|Any CPU
		{35A9D6A1-EE32-4C46-97E5-47BB51075C0F}.Release|x64.Build.0 = Release|Any CPU
		{35A9D6A1-EE32-4C46-97E5-47BB51075C0F}.Release|x86.ActiveCfg = Release|Any CPU
		{35A9D6A1-EE32-4C46-97E5-47BB51075C0F}.Release|x86.Build.0 = Release|Any CPU
		{8FAB9264-A9CF-4CE5-B3F2-4E3942B4D376}.Debug_Ubuntu|Any CPU.ActiveCfg = Debug|Any CPU
		{8FAB9264-A9CF-4CE5-B3F2-4E3942B4D376}.Debug_Ubuntu|Any CPU.Build.0 = Debug|Any CPU
		{8FAB9264-A9CF-4CE5-B3F2-4E3942B4D376}.Debug_Ubuntu|x64.ActiveCfg = Debug|Any CPU
		{8FAB9264-A9CF-4CE5-B3F2-4E3942B4D376}.Debug_Ubuntu|x64.Build.0 = Debug|Any CPU
		{8FAB9264-A9CF-4CE5-B3F2-4E3942B4D376}.Debug_Ubuntu|x86.ActiveCfg = Debug|Any CPU
		{8FAB9264-A9CF-4CE5-B3F2-4E3942B4D376}.Debug_Ubuntu|x86.Build.0 = Debug|Any CPU
		{8FAB9264-A9CF-4CE5-B3F2-4E3942B4D376}.Debug|Any CPU.ActiveCfg = Debug|Any CPU
		{8FAB9264-A9CF-4CE5-B3F2-4E3942B4D376}.Debug|Any CPU.Build.0 = Debug|Any CPU
		{8FAB9264-A9CF-4CE5-B3F2-4E3942B4D376}.Debug|x64.ActiveCfg = Debug|Any CPU
		{8FAB9264-A9CF-4CE5-B3F2-4E3942B4D376}.Debug|x64.Build.0 = Debug|Any CPU
		{8FAB9264-A9CF-4CE5-B3F2-4E3942B4D376}.Debug|x86.ActiveCfg = Debug|Any CPU
		{8FAB9264-A9CF-4CE5-B3F2-4E3942B4D376}.Debug|x86.Build.0 = Debug|Any CPU
		{8FAB9264-A9CF-4CE5-B3F2-4E3942B4D376}.Release_Ubuntu|Any CPU.ActiveCfg = Release|Any CPU
		{8FAB9264-A9CF-4CE5-B3F2-4E3942B4D376}.Release_Ubuntu|Any CPU.Build.0 = Release|Any CPU
		{8FAB9264-A9CF-4CE5-B3F2-4E3942B4D376}.Release_Ubuntu|x64.ActiveCfg = Release|Any CPU
		{8FAB9264-A9CF-4CE5-B3F2-4E3942B4D376}.Release_Ubuntu|x64.Build.0 = Release|Any CPU
		{8FAB9264-A9CF-4CE5-B3F2-4E3942B4D376}.Release_Ubuntu|x86.ActiveCfg = Release|Any CPU
		{8FAB9264-A9CF-4CE5-B3F2-4E3942B4D376}.Release_Ubuntu|x86.Build.0 = Release|Any CPU
		{8FAB9264-A9CF-4CE5-B3F2-4E3942B4D376}.Release|Any CPU.ActiveCfg = Release|Any CPU
		{8FAB9264-A9CF-4CE5-B3F2-4E3942B4D376}.Release|Any CPU.Build.0 = Release|Any CPU
		{8FAB9264-A9CF-4CE5-B3F2-4E3942B4D376}.Release|x64.ActiveCfg = Release|Any CPU
		{8FAB9264-A9CF-4CE5-B3F2-4E3942B4D376}.Release|x64.Build.0 = Release|Any CPU
		{8FAB9264-A9CF-4CE5-B3F2-4E3942B4D376}.Release|x86.ActiveCfg = Release|Any CPU
		{8FAB9264-A9CF-4CE5-B3F2-4E3942B4D376}.Release|x86.Build.0 = Release|Any CPU
		{3A393C92-B2EC-45D4-B335-60969053B9CB}.Debug_Ubuntu|Any CPU.ActiveCfg = Debug|Any CPU
		{3A393C92-B2EC-45D4-B335-60969053B9CB}.Debug_Ubuntu|Any CPU.Build.0 = Debug|Any CPU
		{3A393C92-B2EC-45D4-B335-60969053B9CB}.Debug_Ubuntu|x64.ActiveCfg = Debug|Any CPU
		{3A393C92-B2EC-45D4-B335-60969053B9CB}.Debug_Ubuntu|x64.Build.0 = Debug|Any CPU
		{3A393C92-B2EC-45D4-B335-60969053B9CB}.Debug_Ubuntu|x86.ActiveCfg = Debug|Any CPU
		{3A393C92-B2EC-45D4-B335-60969053B9CB}.Debug_Ubuntu|x86.Build.0 = Debug|Any CPU
		{3A393C92-B2EC-45D4-B335-60969053B9CB}.Debug|Any CPU.ActiveCfg = Debug|Any CPU
		{3A393C92-B2EC-45D4-B335-60969053B9CB}.Debug|Any CPU.Build.0 = Debug|Any CPU
		{3A393C92-B2EC-45D4-B335-60969053B9CB}.Debug|x64.ActiveCfg = Debug|Any CPU
		{3A393C92-B2EC-45D4-B335-60969053B9CB}.Debug|x64.Build.0 = Debug|Any CPU
		{3A393C92-B2EC-45D4-B335-60969053B9CB}.Debug|x86.ActiveCfg = Debug|Any CPU
		{3A393C92-B2EC-45D4-B335-60969053B9CB}.Debug|x86.Build.0 = Debug|Any CPU
		{3A393C92-B2EC-45D4-B335-60969053B9CB}.Release_Ubuntu|Any CPU.ActiveCfg = Release|Any CPU
		{3A393C92-B2EC-45D4-B335-60969053B9CB}.Release_Ubuntu|Any CPU.Build.0 = Release|Any CPU
		{3A393C92-B2EC-45D4-B335-60969053B9CB}.Release_Ubuntu|x64.ActiveCfg = Release|Any CPU
		{3A393C92-B2EC-45D4-B335-60969053B9CB}.Release_Ubuntu|x64.Build.0 = Release|Any CPU
		{3A393C92-B2EC-45D4-B335-60969053B9CB}.Release_Ubuntu|x86.ActiveCfg = Release|Any CPU
		{3A393C92-B2EC-45D4-B335-60969053B9CB}.Release_Ubuntu|x86.Build.0 = Release|Any CPU
		{3A393C92-B2EC-45D4-B335-60969053B9CB}.Release|Any CPU.ActiveCfg = Release|Any CPU
		{3A393C92-B2EC-45D4-B335-60969053B9CB}.Release|Any CPU.Build.0 = Release|Any CPU
		{3A393C92-B2EC-45D4-B335-60969053B9CB}.Release|x64.ActiveCfg = Release|Any CPU
		{3A393C92-B2EC-45D4-B335-60969053B9CB}.Release|x64.Build.0 = Release|Any CPU
		{3A393C92-B2EC-45D4-B335-60969053B9CB}.Release|x86.ActiveCfg = Release|Any CPU
		{3A393C92-B2EC-45D4-B335-60969053B9CB}.Release|x86.Build.0 = Release|Any CPU
		{092CC53F-6666-43F1-875F-D45035693C16}.Debug_Ubuntu|Any CPU.ActiveCfg = Debug|Any CPU
		{092CC53F-6666-43F1-875F-D45035693C16}.Debug_Ubuntu|Any CPU.Build.0 = Debug|Any CPU
		{092CC53F-6666-43F1-875F-D45035693C16}.Debug_Ubuntu|x64.ActiveCfg = Debug|Any CPU
		{092CC53F-6666-43F1-875F-D45035693C16}.Debug_Ubuntu|x64.Build.0 = Debug|Any CPU
		{092CC53F-6666-43F1-875F-D45035693C16}.Debug_Ubuntu|x86.ActiveCfg = Debug|Any CPU
		{092CC53F-6666-43F1-875F-D45035693C16}.Debug_Ubuntu|x86.Build.0 = Debug|Any CPU
		{092CC53F-6666-43F1-875F-D45035693C16}.Debug|Any CPU.ActiveCfg = Debug|Any CPU
		{092CC53F-6666-43F1-875F-D45035693C16}.Debug|Any CPU.Build.0 = Debug|Any CPU
		{092CC53F-6666-43F1-875F-D45035693C16}.Debug|x64.ActiveCfg = Debug|Any CPU
		{092CC53F-6666-43F1-875F-D45035693C16}.Debug|x64.Build.0 = Debug|Any CPU
		{092CC53F-6666-43F1-875F-D45035693C16}.Debug|x86.ActiveCfg = Debug|Any CPU
		{092CC53F-6666-43F1-875F-D45035693C16}.Debug|x86.Build.0 = Debug|Any CPU
		{092CC53F-6666-43F1-875F-D45035693C16}.Release_Ubuntu|Any CPU.ActiveCfg = Release|Any CPU
		{092CC53F-6666-43F1-875F-D45035693C16}.Release_Ubuntu|Any CPU.Build.0 = Release|Any CPU
		{092CC53F-6666-43F1-875F-D45035693C16}.Release_Ubuntu|x64.ActiveCfg = Release|Any CPU
		{092CC53F-6666-43F1-875F-D45035693C16}.Release_Ubuntu|x64.Build.0 = Release|Any CPU
		{092CC53F-6666-43F1-875F-D45035693C16}.Release_Ubuntu|x86.ActiveCfg = Release|Any CPU
		{092CC53F-6666-43F1-875F-D45035693C16}.Release_Ubuntu|x86.Build.0 = Release|Any CPU
		{092CC53F-6666-43F1-875F-D45035693C16}.Release|Any CPU.ActiveCfg = Release|Any CPU
		{092CC53F-6666-43F1-875F-D45035693C16}.Release|Any CPU.Build.0 = Release|Any CPU
		{092CC53F-6666-43F1-875F-D45035693C16}.Release|x64.ActiveCfg = Release|Any CPU
		{092CC53F-6666-43F1-875F-D45035693C16}.Release|x64.Build.0 = Release|Any CPU
		{092CC53F-6666-43F1-875F-D45035693C16}.Release|x86.ActiveCfg = Release|Any CPU
		{092CC53F-6666-43F1-875F-D45035693C16}.Release|x86.Build.0 = Release|Any CPU
		{771CF3C7-5268-469D-99C5-0D1454B8CCA7}.Debug_Ubuntu|Any CPU.ActiveCfg = Debug|Any CPU
		{771CF3C7-5268-469D-99C5-0D1454B8CCA7}.Debug_Ubuntu|Any CPU.Build.0 = Debug|Any CPU
		{771CF3C7-5268-469D-99C5-0D1454B8CCA7}.Debug_Ubuntu|x64.ActiveCfg = Debug|Any CPU
		{771CF3C7-5268-469D-99C5-0D1454B8CCA7}.Debug_Ubuntu|x64.Build.0 = Debug|Any CPU
		{771CF3C7-5268-469D-99C5-0D1454B8CCA7}.Debug_Ubuntu|x86.ActiveCfg = Debug|Any CPU
		{771CF3C7-5268-469D-99C5-0D1454B8CCA7}.Debug_Ubuntu|x86.Build.0 = Debug|Any CPU
		{771CF3C7-5268-469D-99C5-0D1454B8CCA7}.Debug|Any CPU.ActiveCfg = Debug|Any CPU
		{771CF3C7-5268-469D-99C5-0D1454B8CCA7}.Debug|Any CPU.Build.0 = Debug|Any CPU
		{771CF3C7-5268-469D-99C5-0D1454B8CCA7}.Debug|x64.ActiveCfg = Debug|Any CPU
		{771CF3C7-5268-469D-99C5-0D1454B8CCA7}.Debug|x64.Build.0 = Debug|Any CPU
		{771CF3C7-5268-469D-99C5-0D1454B8CCA7}.Debug|x86.ActiveCfg = Debug|Any CPU
		{771CF3C7-5268-469D-99C5-0D1454B8CCA7}.Debug|x86.Build.0 = Debug|Any CPU
		{771CF3C7-5268-469D-99C5-0D1454B8CCA7}.Release_Ubuntu|Any CPU.ActiveCfg = Release|Any CPU
		{771CF3C7-5268-469D-99C5-0D1454B8CCA7}.Release_Ubuntu|Any CPU.Build.0 = Release|Any CPU
		{771CF3C7-5268-469D-99C5-0D1454B8CCA7}.Release_Ubuntu|x64.ActiveCfg = Release|Any CPU
		{771CF3C7-5268-469D-99C5-0D1454B8CCA7}.Release_Ubuntu|x64.Build.0 = Release|Any CPU
		{771CF3C7-5268-469D-99C5-0D1454B8CCA7}.Release_Ubuntu|x86.ActiveCfg = Release|Any CPU
		{771CF3C7-5268-469D-99C5-0D1454B8CCA7}.Release_Ubuntu|x86.Build.0 = Release|Any CPU
		{771CF3C7-5268-469D-99C5-0D1454B8CCA7}.Release|Any CPU.ActiveCfg = Release|Any CPU
		{771CF3C7-5268-469D-99C5-0D1454B8CCA7}.Release|Any CPU.Build.0 = Release|Any CPU
		{771CF3C7-5268-469D-99C5-0D1454B8CCA7}.Release|x64.ActiveCfg = Release|Any CPU
		{771CF3C7-5268-469D-99C5-0D1454B8CCA7}.Release|x64.Build.0 = Release|Any CPU
		{771CF3C7-5268-469D-99C5-0D1454B8CCA7}.Release|x86.ActiveCfg = Release|Any CPU
		{771CF3C7-5268-469D-99C5-0D1454B8CCA7}.Release|x86.Build.0 = Release|Any CPU
		{0FC105D0-8C0E-4E6F-860D-224448C08808}.Debug_Ubuntu|Any CPU.ActiveCfg = Debug|Any CPU
		{0FC105D0-8C0E-4E6F-860D-224448C08808}.Debug_Ubuntu|Any CPU.Build.0 = Debug|Any CPU
		{0FC105D0-8C0E-4E6F-860D-224448C08808}.Debug_Ubuntu|x64.ActiveCfg = Debug|Any CPU
		{0FC105D0-8C0E-4E6F-860D-224448C08808}.Debug_Ubuntu|x64.Build.0 = Debug|Any CPU
		{0FC105D0-8C0E-4E6F-860D-224448C08808}.Debug_Ubuntu|x86.ActiveCfg = Debug|Any CPU
		{0FC105D0-8C0E-4E6F-860D-224448C08808}.Debug_Ubuntu|x86.Build.0 = Debug|Any CPU
		{0FC105D0-8C0E-4E6F-860D-224448C08808}.Debug|Any CPU.ActiveCfg = Debug|Any CPU
		{0FC105D0-8C0E-4E6F-860D-224448C08808}.Debug|Any CPU.Build.0 = Debug|Any CPU
		{0FC105D0-8C0E-4E6F-860D-224448C08808}.Debug|x64.ActiveCfg = Debug|Any CPU
		{0FC105D0-8C0E-4E6F-860D-224448C08808}.Debug|x64.Build.0 = Debug|Any CPU
		{0FC105D0-8C0E-4E6F-860D-224448C08808}.Debug|x86.ActiveCfg = Debug|Any CPU
		{0FC105D0-8C0E-4E6F-860D-224448C08808}.Debug|x86.Build.0 = Debug|Any CPU
		{0FC105D0-8C0E-4E6F-860D-224448C08808}.Release_Ubuntu|Any CPU.ActiveCfg = Release|Any CPU
		{0FC105D0-8C0E-4E6F-860D-224448C08808}.Release_Ubuntu|Any CPU.Build.0 = Release|Any CPU
		{0FC105D0-8C0E-4E6F-860D-224448C08808}.Release_Ubuntu|x64.ActiveCfg = Release|Any CPU
		{0FC105D0-8C0E-4E6F-860D-224448C08808}.Release_Ubuntu|x64.Build.0 = Release|Any CPU
		{0FC105D0-8C0E-4E6F-860D-224448C08808}.Release_Ubuntu|x86.ActiveCfg = Release|Any CPU
		{0FC105D0-8C0E-4E6F-860D-224448C08808}.Release_Ubuntu|x86.Build.0 = Release|Any CPU
		{0FC105D0-8C0E-4E6F-860D-224448C08808}.Release|Any CPU.ActiveCfg = Release|Any CPU
		{0FC105D0-8C0E-4E6F-860D-224448C08808}.Release|Any CPU.Build.0 = Release|Any CPU
		{0FC105D0-8C0E-4E6F-860D-224448C08808}.Release|x64.ActiveCfg = Release|Any CPU
		{0FC105D0-8C0E-4E6F-860D-224448C08808}.Release|x64.Build.0 = Release|Any CPU
		{0FC105D0-8C0E-4E6F-860D-224448C08808}.Release|x86.ActiveCfg = Release|Any CPU
		{0FC105D0-8C0E-4E6F-860D-224448C08808}.Release|x86.Build.0 = Release|Any CPU
		{3D1BDDDB-7B35-4A5A-999F-0E269C23B603}.Debug_Ubuntu|Any CPU.ActiveCfg = Debug|Any CPU
		{3D1BDDDB-7B35-4A5A-999F-0E269C23B603}.Debug_Ubuntu|Any CPU.Build.0 = Debug|Any CPU
		{3D1BDDDB-7B35-4A5A-999F-0E269C23B603}.Debug_Ubuntu|x64.ActiveCfg = Debug|Any CPU
		{3D1BDDDB-7B35-4A5A-999F-0E269C23B603}.Debug_Ubuntu|x64.Build.0 = Debug|Any CPU
		{3D1BDDDB-7B35-4A5A-999F-0E269C23B603}.Debug_Ubuntu|x86.ActiveCfg = Debug|Any CPU
		{3D1BDDDB-7B35-4A5A-999F-0E269C23B603}.Debug_Ubuntu|x86.Build.0 = Debug|Any CPU
		{3D1BDDDB-7B35-4A5A-999F-0E269C23B603}.Debug|Any CPU.ActiveCfg = Debug|Any CPU
		{3D1BDDDB-7B35-4A5A-999F-0E269C23B603}.Debug|Any CPU.Build.0 = Debug|Any CPU
		{3D1BDDDB-7B35-4A5A-999F-0E269C23B603}.Debug|x64.ActiveCfg = Debug|Any CPU
		{3D1BDDDB-7B35-4A5A-999F-0E269C23B603}.Debug|x64.Build.0 = Debug|Any CPU
		{3D1BDDDB-7B35-4A5A-999F-0E269C23B603}.Debug|x86.ActiveCfg = Debug|Any CPU
		{3D1BDDDB-7B35-4A5A-999F-0E269C23B603}.Debug|x86.Build.0 = Debug|Any CPU
		{3D1BDDDB-7B35-4A5A-999F-0E269C23B603}.Release_Ubuntu|Any CPU.ActiveCfg = Release|Any CPU
		{3D1BDDDB-7B35-4A5A-999F-0E269C23B603}.Release_Ubuntu|Any CPU.Build.0 = Release|Any CPU
		{3D1BDDDB-7B35-4A5A-999F-0E269C23B603}.Release_Ubuntu|x64.ActiveCfg = Release|Any CPU
		{3D1BDDDB-7B35-4A5A-999F-0E269C23B603}.Release_Ubuntu|x64.Build.0 = Release|Any CPU
		{3D1BDDDB-7B35-4A5A-999F-0E269C23B603}.Release_Ubuntu|x86.ActiveCfg = Release|Any CPU
		{3D1BDDDB-7B35-4A5A-999F-0E269C23B603}.Release_Ubuntu|x86.Build.0 = Release|Any CPU
		{3D1BDDDB-7B35-4A5A-999F-0E269C23B603}.Release|Any CPU.ActiveCfg = Release|Any CPU
		{3D1BDDDB-7B35-4A5A-999F-0E269C23B603}.Release|Any CPU.Build.0 = Release|Any CPU
		{3D1BDDDB-7B35-4A5A-999F-0E269C23B603}.Release|x64.ActiveCfg = Release|Any CPU
		{3D1BDDDB-7B35-4A5A-999F-0E269C23B603}.Release|x64.Build.0 = Release|Any CPU
		{3D1BDDDB-7B35-4A5A-999F-0E269C23B603}.Release|x86.ActiveCfg = Release|Any CPU
		{3D1BDDDB-7B35-4A5A-999F-0E269C23B603}.Release|x86.Build.0 = Release|Any CPU
		{170CE1BC-2D9C-4344-8E9D-07BAA2E3FB94}.Debug_Ubuntu|Any CPU.ActiveCfg = Debug|Any CPU
		{170CE1BC-2D9C-4344-8E9D-07BAA2E3FB94}.Debug_Ubuntu|Any CPU.Build.0 = Debug|Any CPU
		{170CE1BC-2D9C-4344-8E9D-07BAA2E3FB94}.Debug_Ubuntu|x64.ActiveCfg = Debug|Any CPU
		{170CE1BC-2D9C-4344-8E9D-07BAA2E3FB94}.Debug_Ubuntu|x64.Build.0 = Debug|Any CPU
		{170CE1BC-2D9C-4344-8E9D-07BAA2E3FB94}.Debug_Ubuntu|x86.ActiveCfg = Debug|Any CPU
		{170CE1BC-2D9C-4344-8E9D-07BAA2E3FB94}.Debug_Ubuntu|x86.Build.0 = Debug|Any CPU
		{170CE1BC-2D9C-4344-8E9D-07BAA2E3FB94}.Debug|Any CPU.ActiveCfg = Debug|Any CPU
		{170CE1BC-2D9C-4344-8E9D-07BAA2E3FB94}.Debug|Any CPU.Build.0 = Debug|Any CPU
		{170CE1BC-2D9C-4344-8E9D-07BAA2E3FB94}.Debug|x64.ActiveCfg = Debug|Any CPU
		{170CE1BC-2D9C-4344-8E9D-07BAA2E3FB94}.Debug|x64.Build.0 = Debug|Any CPU
		{170CE1BC-2D9C-4344-8E9D-07BAA2E3FB94}.Debug|x86.ActiveCfg = Debug|Any CPU
		{170CE1BC-2D9C-4344-8E9D-07BAA2E3FB94}.Debug|x86.Build.0 = Debug|Any CPU
		{170CE1BC-2D9C-4344-8E9D-07BAA2E3FB94}.Release_Ubuntu|Any CPU.ActiveCfg = Release|Any CPU
		{170CE1BC-2D9C-4344-8E9D-07BAA2E3FB94}.Release_Ubuntu|Any CPU.Build.0 = Release|Any CPU
		{170CE1BC-2D9C-4344-8E9D-07BAA2E3FB94}.Release_Ubuntu|x64.ActiveCfg = Release|Any CPU
		{170CE1BC-2D9C-4344-8E9D-07BAA2E3FB94}.Release_Ubuntu|x64.Build.0 = Release|Any CPU
		{170CE1BC-2D9C-4344-8E9D-07BAA2E3FB94}.Release_Ubuntu|x86.ActiveCfg = Release|Any CPU
		{170CE1BC-2D9C-4344-8E9D-07BAA2E3FB94}.Release_Ubuntu|x86.Build.0 = Release|Any CPU
		{170CE1BC-2D9C-4344-8E9D-07BAA2E3FB94}.Release|Any CPU.ActiveCfg = Release|Any CPU
		{170CE1BC-2D9C-4344-8E9D-07BAA2E3FB94}.Release|Any CPU.Build.0 = Release|Any CPU
		{170CE1BC-2D9C-4344-8E9D-07BAA2E3FB94}.Release|x64.ActiveCfg = Release|Any CPU
		{170CE1BC-2D9C-4344-8E9D-07BAA2E3FB94}.Release|x64.Build.0 = Release|Any CPU
		{170CE1BC-2D9C-4344-8E9D-07BAA2E3FB94}.Release|x86.ActiveCfg = Release|Any CPU
		{170CE1BC-2D9C-4344-8E9D-07BAA2E3FB94}.Release|x86.Build.0 = Release|Any CPU
		{3F63A5E7-6C26-29D0-EFD5-A506C3C62E8A}.Debug_Ubuntu|Any CPU.ActiveCfg = Debug|Any CPU
		{3F63A5E7-6C26-29D0-EFD5-A506C3C62E8A}.Debug_Ubuntu|Any CPU.Build.0 = Debug|Any CPU
		{3F63A5E7-6C26-29D0-EFD5-A506C3C62E8A}.Debug_Ubuntu|x64.ActiveCfg = Debug|Any CPU
		{3F63A5E7-6C26-29D0-EFD5-A506C3C62E8A}.Debug_Ubuntu|x64.Build.0 = Debug|Any CPU
		{3F63A5E7-6C26-29D0-EFD5-A506C3C62E8A}.Debug_Ubuntu|x86.ActiveCfg = Debug|Any CPU
		{3F63A5E7-6C26-29D0-EFD5-A506C3C62E8A}.Debug_Ubuntu|x86.Build.0 = Debug|Any CPU
		{3F63A5E7-6C26-29D0-EFD5-A506C3C62E8A}.Debug|Any CPU.ActiveCfg = Debug|Any CPU
		{3F63A5E7-6C26-29D0-EFD5-A506C3C62E8A}.Debug|Any CPU.Build.0 = Debug|Any CPU
		{3F63A5E7-6C26-29D0-EFD5-A506C3C62E8A}.Debug|x64.ActiveCfg = Debug|Any CPU
		{3F63A5E7-6C26-29D0-EFD5-A506C3C62E8A}.Debug|x64.Build.0 = Debug|Any CPU
		{3F63A5E7-6C26-29D0-EFD5-A506C3C62E8A}.Debug|x86.ActiveCfg = Debug|Any CPU
		{3F63A5E7-6C26-29D0-EFD5-A506C3C62E8A}.Debug|x86.Build.0 = Debug|Any CPU
		{3F63A5E7-6C26-29D0-EFD5-A506C3C62E8A}.Release_Ubuntu|Any CPU.ActiveCfg = Release|Any CPU
		{3F63A5E7-6C26-29D0-EFD5-A506C3C62E8A}.Release_Ubuntu|Any CPU.Build.0 = Release|Any CPU
		{3F63A5E7-6C26-29D0-EFD5-A506C3C62E8A}.Release_Ubuntu|x64.ActiveCfg = Release|Any CPU
		{3F63A5E7-6C26-29D0-EFD5-A506C3C62E8A}.Release_Ubuntu|x64.Build.0 = Release|Any CPU
		{3F63A5E7-6C26-29D0-EFD5-A506C3C62E8A}.Release_Ubuntu|x86.ActiveCfg = Release|Any CPU
		{3F63A5E7-6C26-29D0-EFD5-A506C3C62E8A}.Release_Ubuntu|x86.Build.0 = Release|Any CPU
		{3F63A5E7-6C26-29D0-EFD5-A506C3C62E8A}.Release|Any CPU.ActiveCfg = Release|Any CPU
		{3F63A5E7-6C26-29D0-EFD5-A506C3C62E8A}.Release|Any CPU.Build.0 = Release|Any CPU
		{3F63A5E7-6C26-29D0-EFD5-A506C3C62E8A}.Release|x64.ActiveCfg = Release|Any CPU
		{3F63A5E7-6C26-29D0-EFD5-A506C3C62E8A}.Release|x64.Build.0 = Release|Any CPU
		{3F63A5E7-6C26-29D0-EFD5-A506C3C62E8A}.Release|x86.ActiveCfg = Release|Any CPU
		{3F63A5E7-6C26-29D0-EFD5-A506C3C62E8A}.Release|x86.Build.0 = Release|Any CPU
		{414BBF18-9BCC-42B6-B65D-F8D44AEB45DA}.Debug_Ubuntu|Any CPU.ActiveCfg = Debug|Any CPU
		{414BBF18-9BCC-42B6-B65D-F8D44AEB45DA}.Debug_Ubuntu|Any CPU.Build.0 = Debug|Any CPU
		{414BBF18-9BCC-42B6-B65D-F8D44AEB45DA}.Debug_Ubuntu|x64.ActiveCfg = Debug|Any CPU
		{414BBF18-9BCC-42B6-B65D-F8D44AEB45DA}.Debug_Ubuntu|x64.Build.0 = Debug|Any CPU
		{414BBF18-9BCC-42B6-B65D-F8D44AEB45DA}.Debug_Ubuntu|x86.ActiveCfg = Debug|Any CPU
		{414BBF18-9BCC-42B6-B65D-F8D44AEB45DA}.Debug_Ubuntu|x86.Build.0 = Debug|Any CPU
		{414BBF18-9BCC-42B6-B65D-F8D44AEB45DA}.Debug|Any CPU.ActiveCfg = Debug|Any CPU
		{414BBF18-9BCC-42B6-B65D-F8D44AEB45DA}.Debug|Any CPU.Build.0 = Debug|Any CPU
		{414BBF18-9BCC-42B6-B65D-F8D44AEB45DA}.Debug|x64.ActiveCfg = Debug|Any CPU
		{414BBF18-9BCC-42B6-B65D-F8D44AEB45DA}.Debug|x64.Build.0 = Debug|Any CPU
		{414BBF18-9BCC-42B6-B65D-F8D44AEB45DA}.Debug|x86.ActiveCfg = Debug|Any CPU
		{414BBF18-9BCC-42B6-B65D-F8D44AEB45DA}.Debug|x86.Build.0 = Debug|Any CPU
		{414BBF18-9BCC-42B6-B65D-F8D44AEB45DA}.Release_Ubuntu|Any CPU.ActiveCfg = Release|Any CPU
		{414BBF18-9BCC-42B6-B65D-F8D44AEB45DA}.Release_Ubuntu|Any CPU.Build.0 = Release|Any CPU
		{414BBF18-9BCC-42B6-B65D-F8D44AEB45DA}.Release_Ubuntu|x64.ActiveCfg = Release|Any CPU
		{414BBF18-9BCC-42B6-B65D-F8D44AEB45DA}.Release_Ubuntu|x64.Build.0 = Release|Any CPU
		{414BBF18-9BCC-42B6-B65D-F8D44AEB45DA}.Release_Ubuntu|x86.ActiveCfg = Release|Any CPU
		{414BBF18-9BCC-42B6-B65D-F8D44AEB45DA}.Release_Ubuntu|x86.Build.0 = Release|Any CPU
		{414BBF18-9BCC-42B6-B65D-F8D44AEB45DA}.Release|Any CPU.ActiveCfg = Release|Any CPU
		{414BBF18-9BCC-42B6-B65D-F8D44AEB45DA}.Release|Any CPU.Build.0 = Release|Any CPU
		{414BBF18-9BCC-42B6-B65D-F8D44AEB45DA}.Release|x64.ActiveCfg = Release|Any CPU
		{414BBF18-9BCC-42B6-B65D-F8D44AEB45DA}.Release|x64.Build.0 = Release|Any CPU
		{414BBF18-9BCC-42B6-B65D-F8D44AEB45DA}.Release|x86.ActiveCfg = Release|Any CPU
		{414BBF18-9BCC-42B6-B65D-F8D44AEB45DA}.Release|x86.Build.0 = Release|Any CPU
		{8C1F7F02-10EA-436F-9679-D4DB5B666BDB}.Debug_Ubuntu|Any CPU.ActiveCfg = Debug|Any CPU
		{8C1F7F02-10EA-436F-9679-D4DB5B666BDB}.Debug_Ubuntu|Any CPU.Build.0 = Debug|Any CPU
		{8C1F7F02-10EA-436F-9679-D4DB5B666BDB}.Debug_Ubuntu|x64.ActiveCfg = Debug|Any CPU
		{8C1F7F02-10EA-436F-9679-D4DB5B666BDB}.Debug_Ubuntu|x64.Build.0 = Debug|Any CPU
		{8C1F7F02-10EA-436F-9679-D4DB5B666BDB}.Debug_Ubuntu|x86.ActiveCfg = Debug|Any CPU
		{8C1F7F02-10EA-436F-9679-D4DB5B666BDB}.Debug_Ubuntu|x86.Build.0 = Debug|Any CPU
		{8C1F7F02-10EA-436F-9679-D4DB5B666BDB}.Debug|Any CPU.ActiveCfg = Debug|Any CPU
		{8C1F7F02-10EA-436F-9679-D4DB5B666BDB}.Debug|Any CPU.Build.0 = Debug|Any CPU
		{8C1F7F02-10EA-436F-9679-D4DB5B666BDB}.Debug|x64.ActiveCfg = Debug|Any CPU
		{8C1F7F02-10EA-436F-9679-D4DB5B666BDB}.Debug|x64.Build.0 = Debug|Any CPU
		{8C1F7F02-10EA-436F-9679-D4DB5B666BDB}.Debug|x86.ActiveCfg = Debug|Any CPU
		{8C1F7F02-10EA-436F-9679-D4DB5B666BDB}.Debug|x86.Build.0 = Debug|Any CPU
		{8C1F7F02-10EA-436F-9679-D4DB5B666BDB}.Release_Ubuntu|Any CPU.ActiveCfg = Release|Any CPU
		{8C1F7F02-10EA-436F-9679-D4DB5B666BDB}.Release_Ubuntu|Any CPU.Build.0 = Release|Any CPU
		{8C1F7F02-10EA-436F-9679-D4DB5B666BDB}.Release_Ubuntu|x64.ActiveCfg = Release|Any CPU
		{8C1F7F02-10EA-436F-9679-D4DB5B666BDB}.Release_Ubuntu|x64.Build.0 = Release|Any CPU
		{8C1F7F02-10EA-436F-9679-D4DB5B666BDB}.Release_Ubuntu|x86.ActiveCfg = Release|Any CPU
		{8C1F7F02-10EA-436F-9679-D4DB5B666BDB}.Release_Ubuntu|x86.Build.0 = Release|Any CPU
		{8C1F7F02-10EA-436F-9679-D4DB5B666BDB}.Release|Any CPU.ActiveCfg = Release|Any CPU
		{8C1F7F02-10EA-436F-9679-D4DB5B666BDB}.Release|Any CPU.Build.0 = Release|Any CPU
		{8C1F7F02-10EA-436F-9679-D4DB5B666BDB}.Release|x64.ActiveCfg = Release|Any CPU
		{8C1F7F02-10EA-436F-9679-D4DB5B666BDB}.Release|x64.Build.0 = Release|Any CPU
		{8C1F7F02-10EA-436F-9679-D4DB5B666BDB}.Release|x86.ActiveCfg = Release|Any CPU
		{8C1F7F02-10EA-436F-9679-D4DB5B666BDB}.Release|x86.Build.0 = Release|Any CPU
		{889BEFC8-4AA4-4561-9CA0-7F6550AD0ACA}.Debug_Ubuntu|Any CPU.ActiveCfg = Debug|Any CPU
		{889BEFC8-4AA4-4561-9CA0-7F6550AD0ACA}.Debug_Ubuntu|Any CPU.Build.0 = Debug|Any CPU
		{889BEFC8-4AA4-4561-9CA0-7F6550AD0ACA}.Debug_Ubuntu|x64.ActiveCfg = Debug|Any CPU
		{889BEFC8-4AA4-4561-9CA0-7F6550AD0ACA}.Debug_Ubuntu|x64.Build.0 = Debug|Any CPU
		{889BEFC8-4AA4-4561-9CA0-7F6550AD0ACA}.Debug_Ubuntu|x86.ActiveCfg = Debug|Any CPU
		{889BEFC8-4AA4-4561-9CA0-7F6550AD0ACA}.Debug_Ubuntu|x86.Build.0 = Debug|Any CPU
		{889BEFC8-4AA4-4561-9CA0-7F6550AD0ACA}.Debug|Any CPU.ActiveCfg = Debug|Any CPU
		{889BEFC8-4AA4-4561-9CA0-7F6550AD0ACA}.Debug|Any CPU.Build.0 = Debug|Any CPU
		{889BEFC8-4AA4-4561-9CA0-7F6550AD0ACA}.Debug|x64.ActiveCfg = Debug|Any CPU
		{889BEFC8-4AA4-4561-9CA0-7F6550AD0ACA}.Debug|x64.Build.0 = Debug|Any CPU
		{889BEFC8-4AA4-4561-9CA0-7F6550AD0ACA}.Debug|x86.ActiveCfg = Debug|Any CPU
		{889BEFC8-4AA4-4561-9CA0-7F6550AD0ACA}.Debug|x86.Build.0 = Debug|Any CPU
		{889BEFC8-4AA4-4561-9CA0-7F6550AD0ACA}.Release_Ubuntu|Any CPU.ActiveCfg = Release|Any CPU
		{889BEFC8-4AA4-4561-9CA0-7F6550AD0ACA}.Release_Ubuntu|Any CPU.Build.0 = Release|Any CPU
		{889BEFC8-4AA4-4561-9CA0-7F6550AD0ACA}.Release_Ubuntu|x64.ActiveCfg = Release|Any CPU
		{889BEFC8-4AA4-4561-9CA0-7F6550AD0ACA}.Release_Ubuntu|x64.Build.0 = Release|Any CPU
		{889BEFC8-4AA4-4561-9CA0-7F6550AD0ACA}.Release_Ubuntu|x86.ActiveCfg = Release|Any CPU
		{889BEFC8-4AA4-4561-9CA0-7F6550AD0ACA}.Release_Ubuntu|x86.Build.0 = Release|Any CPU
		{889BEFC8-4AA4-4561-9CA0-7F6550AD0ACA}.Release|Any CPU.ActiveCfg = Release|Any CPU
		{889BEFC8-4AA4-4561-9CA0-7F6550AD0ACA}.Release|Any CPU.Build.0 = Release|Any CPU
		{889BEFC8-4AA4-4561-9CA0-7F6550AD0ACA}.Release|x64.ActiveCfg = Release|Any CPU
		{889BEFC8-4AA4-4561-9CA0-7F6550AD0ACA}.Release|x64.Build.0 = Release|Any CPU
		{889BEFC8-4AA4-4561-9CA0-7F6550AD0ACA}.Release|x86.ActiveCfg = Release|Any CPU
		{889BEFC8-4AA4-4561-9CA0-7F6550AD0ACA}.Release|x86.Build.0 = Release|Any CPU
		{2F8E27D5-9DF4-4183-BF73-62C1F144D12F}.Debug_Ubuntu|Any CPU.ActiveCfg = Debug|Any CPU
		{2F8E27D5-9DF4-4183-BF73-62C1F144D12F}.Debug_Ubuntu|Any CPU.Build.0 = Debug|Any CPU
		{2F8E27D5-9DF4-4183-BF73-62C1F144D12F}.Debug_Ubuntu|x64.ActiveCfg = Debug|Any CPU
		{2F8E27D5-9DF4-4183-BF73-62C1F144D12F}.Debug_Ubuntu|x64.Build.0 = Debug|Any CPU
		{2F8E27D5-9DF4-4183-BF73-62C1F144D12F}.Debug_Ubuntu|x86.ActiveCfg = Debug|Any CPU
		{2F8E27D5-9DF4-4183-BF73-62C1F144D12F}.Debug_Ubuntu|x86.Build.0 = Debug|Any CPU
		{2F8E27D5-9DF4-4183-BF73-62C1F144D12F}.Debug|Any CPU.ActiveCfg = Debug|Any CPU
		{2F8E27D5-9DF4-4183-BF73-62C1F144D12F}.Debug|Any CPU.Build.0 = Debug|Any CPU
		{2F8E27D5-9DF4-4183-BF73-62C1F144D12F}.Debug|x64.ActiveCfg = Debug|Any CPU
		{2F8E27D5-9DF4-4183-BF73-62C1F144D12F}.Debug|x64.Build.0 = Debug|Any CPU
		{2F8E27D5-9DF4-4183-BF73-62C1F144D12F}.Debug|x86.ActiveCfg = Debug|Any CPU
		{2F8E27D5-9DF4-4183-BF73-62C1F144D12F}.Debug|x86.Build.0 = Debug|Any CPU
		{2F8E27D5-9DF4-4183-BF73-62C1F144D12F}.Release_Ubuntu|Any CPU.ActiveCfg = Release|Any CPU
		{2F8E27D5-9DF4-4183-BF73-62C1F144D12F}.Release_Ubuntu|Any CPU.Build.0 = Release|Any CPU
		{2F8E27D5-9DF4-4183-BF73-62C1F144D12F}.Release_Ubuntu|x64.ActiveCfg = Release|Any CPU
		{2F8E27D5-9DF4-4183-BF73-62C1F144D12F}.Release_Ubuntu|x64.Build.0 = Release|Any CPU
		{2F8E27D5-9DF4-4183-BF73-62C1F144D12F}.Release_Ubuntu|x86.ActiveCfg = Release|Any CPU
		{2F8E27D5-9DF4-4183-BF73-62C1F144D12F}.Release_Ubuntu|x86.Build.0 = Release|Any CPU
		{2F8E27D5-9DF4-4183-BF73-62C1F144D12F}.Release|Any CPU.ActiveCfg = Release|Any CPU
		{2F8E27D5-9DF4-4183-BF73-62C1F144D12F}.Release|Any CPU.Build.0 = Release|Any CPU
		{2F8E27D5-9DF4-4183-BF73-62C1F144D12F}.Release|x64.ActiveCfg = Release|Any CPU
		{2F8E27D5-9DF4-4183-BF73-62C1F144D12F}.Release|x64.Build.0 = Release|Any CPU
		{2F8E27D5-9DF4-4183-BF73-62C1F144D12F}.Release|x86.ActiveCfg = Release|Any CPU
		{2F8E27D5-9DF4-4183-BF73-62C1F144D12F}.Release|x86.Build.0 = Release|Any CPU
		{D2E216D8-602A-4F0A-833C-35C8EAC7C8D3}.Debug_Ubuntu|Any CPU.ActiveCfg = Debug|Any CPU
		{D2E216D8-602A-4F0A-833C-35C8EAC7C8D3}.Debug_Ubuntu|Any CPU.Build.0 = Debug|Any CPU
		{D2E216D8-602A-4F0A-833C-35C8EAC7C8D3}.Debug_Ubuntu|x64.ActiveCfg = Debug|Any CPU
		{D2E216D8-602A-4F0A-833C-35C8EAC7C8D3}.Debug_Ubuntu|x64.Build.0 = Debug|Any CPU
		{D2E216D8-602A-4F0A-833C-35C8EAC7C8D3}.Debug_Ubuntu|x86.ActiveCfg = Debug|Any CPU
		{D2E216D8-602A-4F0A-833C-35C8EAC7C8D3}.Debug_Ubuntu|x86.Build.0 = Debug|Any CPU
		{D2E216D8-602A-4F0A-833C-35C8EAC7C8D3}.Debug|Any CPU.ActiveCfg = Debug|Any CPU
		{D2E216D8-602A-4F0A-833C-35C8EAC7C8D3}.Debug|Any CPU.Build.0 = Debug|Any CPU
		{D2E216D8-602A-4F0A-833C-35C8EAC7C8D3}.Debug|x64.ActiveCfg = Debug|Any CPU
		{D2E216D8-602A-4F0A-833C-35C8EAC7C8D3}.Debug|x64.Build.0 = Debug|Any CPU
		{D2E216D8-602A-4F0A-833C-35C8EAC7C8D3}.Debug|x86.ActiveCfg = Debug|Any CPU
		{D2E216D8-602A-4F0A-833C-35C8EAC7C8D3}.Debug|x86.Build.0 = Debug|Any CPU
		{D2E216D8-602A-4F0A-833C-35C8EAC7C8D3}.Release_Ubuntu|Any CPU.ActiveCfg = Release|Any CPU
		{D2E216D8-602A-4F0A-833C-35C8EAC7C8D3}.Release_Ubuntu|Any CPU.Build.0 = Release|Any CPU
		{D2E216D8-602A-4F0A-833C-35C8EAC7C8D3}.Release_Ubuntu|x64.ActiveCfg = Release|Any CPU
		{D2E216D8-602A-4F0A-833C-35C8EAC7C8D3}.Release_Ubuntu|x64.Build.0 = Release|Any CPU
		{D2E216D8-602A-4F0A-833C-35C8EAC7C8D3}.Release_Ubuntu|x86.ActiveCfg = Release|Any CPU
		{D2E216D8-602A-4F0A-833C-35C8EAC7C8D3}.Release_Ubuntu|x86.Build.0 = Release|Any CPU
		{D2E216D8-602A-4F0A-833C-35C8EAC7C8D3}.Release|Any CPU.ActiveCfg = Release|Any CPU
		{D2E216D8-602A-4F0A-833C-35C8EAC7C8D3}.Release|Any CPU.Build.0 = Release|Any CPU
		{D2E216D8-602A-4F0A-833C-35C8EAC7C8D3}.Release|x64.ActiveCfg = Release|Any CPU
		{D2E216D8-602A-4F0A-833C-35C8EAC7C8D3}.Release|x64.Build.0 = Release|Any CPU
		{D2E216D8-602A-4F0A-833C-35C8EAC7C8D3}.Release|x86.ActiveCfg = Release|Any CPU
		{D2E216D8-602A-4F0A-833C-35C8EAC7C8D3}.Release|x86.Build.0 = Release|Any CPU
		{5E9C23D2-6C20-430D-9CEE-663B7551BF57}.Debug_Ubuntu|Any CPU.ActiveCfg = Debug|Any CPU
		{5E9C23D2-6C20-430D-9CEE-663B7551BF57}.Debug_Ubuntu|Any CPU.Build.0 = Debug|Any CPU
		{5E9C23D2-6C20-430D-9CEE-663B7551BF57}.Debug_Ubuntu|x64.ActiveCfg = Debug|Any CPU
		{5E9C23D2-6C20-430D-9CEE-663B7551BF57}.Debug_Ubuntu|x64.Build.0 = Debug|Any CPU
		{5E9C23D2-6C20-430D-9CEE-663B7551BF57}.Debug_Ubuntu|x86.ActiveCfg = Debug|Any CPU
		{5E9C23D2-6C20-430D-9CEE-663B7551BF57}.Debug_Ubuntu|x86.Build.0 = Debug|Any CPU
		{5E9C23D2-6C20-430D-9CEE-663B7551BF57}.Debug|Any CPU.ActiveCfg = Debug|Any CPU
		{5E9C23D2-6C20-430D-9CEE-663B7551BF57}.Debug|Any CPU.Build.0 = Debug|Any CPU
		{5E9C23D2-6C20-430D-9CEE-663B7551BF57}.Debug|x64.ActiveCfg = Debug|Any CPU
		{5E9C23D2-6C20-430D-9CEE-663B7551BF57}.Debug|x64.Build.0 = Debug|Any CPU
		{5E9C23D2-6C20-430D-9CEE-663B7551BF57}.Debug|x86.ActiveCfg = Debug|Any CPU
		{5E9C23D2-6C20-430D-9CEE-663B7551BF57}.Debug|x86.Build.0 = Debug|Any CPU
		{5E9C23D2-6C20-430D-9CEE-663B7551BF57}.Release_Ubuntu|Any CPU.ActiveCfg = Release|Any CPU
		{5E9C23D2-6C20-430D-9CEE-663B7551BF57}.Release_Ubuntu|Any CPU.Build.0 = Release|Any CPU
		{5E9C23D2-6C20-430D-9CEE-663B7551BF57}.Release_Ubuntu|x64.ActiveCfg = Release|Any CPU
		{5E9C23D2-6C20-430D-9CEE-663B7551BF57}.Release_Ubuntu|x64.Build.0 = Release|Any CPU
		{5E9C23D2-6C20-430D-9CEE-663B7551BF57}.Release_Ubuntu|x86.ActiveCfg = Release|Any CPU
		{5E9C23D2-6C20-430D-9CEE-663B7551BF57}.Release_Ubuntu|x86.Build.0 = Release|Any CPU
		{5E9C23D2-6C20-430D-9CEE-663B7551BF57}.Release|Any CPU.ActiveCfg = Release|Any CPU
		{5E9C23D2-6C20-430D-9CEE-663B7551BF57}.Release|Any CPU.Build.0 = Release|Any CPU
		{5E9C23D2-6C20-430D-9CEE-663B7551BF57}.Release|x64.ActiveCfg = Release|Any CPU
		{5E9C23D2-6C20-430D-9CEE-663B7551BF57}.Release|x64.Build.0 = Release|Any CPU
		{5E9C23D2-6C20-430D-9CEE-663B7551BF57}.Release|x86.ActiveCfg = Release|Any CPU
		{5E9C23D2-6C20-430D-9CEE-663B7551BF57}.Release|x86.Build.0 = Release|Any CPU
		{E3860F0B-904B-474D-B28A-4C8E81E1AE38}.Debug_Ubuntu|Any CPU.ActiveCfg = Debug|Any CPU
		{E3860F0B-904B-474D-B28A-4C8E81E1AE38}.Debug_Ubuntu|Any CPU.Build.0 = Debug|Any CPU
		{E3860F0B-904B-474D-B28A-4C8E81E1AE38}.Debug_Ubuntu|x64.ActiveCfg = Debug|Any CPU
		{E3860F0B-904B-474D-B28A-4C8E81E1AE38}.Debug_Ubuntu|x64.Build.0 = Debug|Any CPU
		{E3860F0B-904B-474D-B28A-4C8E81E1AE38}.Debug_Ubuntu|x86.ActiveCfg = Debug|Any CPU
		{E3860F0B-904B-474D-B28A-4C8E81E1AE38}.Debug_Ubuntu|x86.Build.0 = Debug|Any CPU
		{E3860F0B-904B-474D-B28A-4C8E81E1AE38}.Debug|Any CPU.ActiveCfg = Debug|Any CPU
		{E3860F0B-904B-474D-B28A-4C8E81E1AE38}.Debug|Any CPU.Build.0 = Debug|Any CPU
		{E3860F0B-904B-474D-B28A-4C8E81E1AE38}.Debug|x64.ActiveCfg = Debug|Any CPU
		{E3860F0B-904B-474D-B28A-4C8E81E1AE38}.Debug|x64.Build.0 = Debug|Any CPU
		{E3860F0B-904B-474D-B28A-4C8E81E1AE38}.Debug|x86.ActiveCfg = Debug|Any CPU
		{E3860F0B-904B-474D-B28A-4C8E81E1AE38}.Debug|x86.Build.0 = Debug|Any CPU
		{E3860F0B-904B-474D-B28A-4C8E81E1AE38}.Release_Ubuntu|Any CPU.ActiveCfg = Release|Any CPU
		{E3860F0B-904B-474D-B28A-4C8E81E1AE38}.Release_Ubuntu|Any CPU.Build.0 = Release|Any CPU
		{E3860F0B-904B-474D-B28A-4C8E81E1AE38}.Release_Ubuntu|x64.ActiveCfg = Release|Any CPU
		{E3860F0B-904B-474D-B28A-4C8E81E1AE38}.Release_Ubuntu|x64.Build.0 = Release|Any CPU
		{E3860F0B-904B-474D-B28A-4C8E81E1AE38}.Release_Ubuntu|x86.ActiveCfg = Release|Any CPU
		{E3860F0B-904B-474D-B28A-4C8E81E1AE38}.Release_Ubuntu|x86.Build.0 = Release|Any CPU
		{E3860F0B-904B-474D-B28A-4C8E81E1AE38}.Release|Any CPU.ActiveCfg = Release|Any CPU
		{E3860F0B-904B-474D-B28A-4C8E81E1AE38}.Release|Any CPU.Build.0 = Release|Any CPU
		{E3860F0B-904B-474D-B28A-4C8E81E1AE38}.Release|x64.ActiveCfg = Release|Any CPU
		{E3860F0B-904B-474D-B28A-4C8E81E1AE38}.Release|x64.Build.0 = Release|Any CPU
		{E3860F0B-904B-474D-B28A-4C8E81E1AE38}.Release|x86.ActiveCfg = Release|Any CPU
		{E3860F0B-904B-474D-B28A-4C8E81E1AE38}.Release|x86.Build.0 = Release|Any CPU
		{AF0EB3D6-F385-4DC0-8A8E-742FFA3578B9}.Debug_Ubuntu|Any CPU.ActiveCfg = Debug|Any CPU
		{AF0EB3D6-F385-4DC0-8A8E-742FFA3578B9}.Debug_Ubuntu|Any CPU.Build.0 = Debug|Any CPU
		{AF0EB3D6-F385-4DC0-8A8E-742FFA3578B9}.Debug_Ubuntu|x64.ActiveCfg = Debug|Any CPU
		{AF0EB3D6-F385-4DC0-8A8E-742FFA3578B9}.Debug_Ubuntu|x64.Build.0 = Debug|Any CPU
		{AF0EB3D6-F385-4DC0-8A8E-742FFA3578B9}.Debug_Ubuntu|x86.ActiveCfg = Debug|Any CPU
		{AF0EB3D6-F385-4DC0-8A8E-742FFA3578B9}.Debug_Ubuntu|x86.Build.0 = Debug|Any CPU
		{AF0EB3D6-F385-4DC0-8A8E-742FFA3578B9}.Debug|Any CPU.ActiveCfg = Debug|Any CPU
		{AF0EB3D6-F385-4DC0-8A8E-742FFA3578B9}.Debug|Any CPU.Build.0 = Debug|Any CPU
		{AF0EB3D6-F385-4DC0-8A8E-742FFA3578B9}.Debug|x64.ActiveCfg = Debug|Any CPU
		{AF0EB3D6-F385-4DC0-8A8E-742FFA3578B9}.Debug|x64.Build.0 = Debug|Any CPU
		{AF0EB3D6-F385-4DC0-8A8E-742FFA3578B9}.Debug|x86.ActiveCfg = Debug|Any CPU
		{AF0EB3D6-F385-4DC0-8A8E-742FFA3578B9}.Debug|x86.Build.0 = Debug|Any CPU
		{AF0EB3D6-F385-4DC0-8A8E-742FFA3578B9}.Release_Ubuntu|Any CPU.ActiveCfg = Release|Any CPU
		{AF0EB3D6-F385-4DC0-8A8E-742FFA3578B9}.Release_Ubuntu|Any CPU.Build.0 = Release|Any CPU
		{AF0EB3D6-F385-4DC0-8A8E-742FFA3578B9}.Release_Ubuntu|x64.ActiveCfg = Release|Any CPU
		{AF0EB3D6-F385-4DC0-8A8E-742FFA3578B9}.Release_Ubuntu|x64.Build.0 = Release|Any CPU
		{AF0EB3D6-F385-4DC0-8A8E-742FFA3578B9}.Release_Ubuntu|x86.ActiveCfg = Release|Any CPU
		{AF0EB3D6-F385-4DC0-8A8E-742FFA3578B9}.Release_Ubuntu|x86.Build.0 = Release|Any CPU
		{AF0EB3D6-F385-4DC0-8A8E-742FFA3578B9}.Release|Any CPU.ActiveCfg = Release|Any CPU
		{AF0EB3D6-F385-4DC0-8A8E-742FFA3578B9}.Release|Any CPU.Build.0 = Release|Any CPU
		{AF0EB3D6-F385-4DC0-8A8E-742FFA3578B9}.Release|x64.ActiveCfg = Release|Any CPU
		{AF0EB3D6-F385-4DC0-8A8E-742FFA3578B9}.Release|x64.Build.0 = Release|Any CPU
		{AF0EB3D6-F385-4DC0-8A8E-742FFA3578B9}.Release|x86.ActiveCfg = Release|Any CPU
		{AF0EB3D6-F385-4DC0-8A8E-742FFA3578B9}.Release|x86.Build.0 = Release|Any CPU
		{4A770663-2D2D-4F7B-85FD-9BC52EDD57B9}.Debug_Ubuntu|Any CPU.ActiveCfg = Debug|Any CPU
		{4A770663-2D2D-4F7B-85FD-9BC52EDD57B9}.Debug_Ubuntu|Any CPU.Build.0 = Debug|Any CPU
		{4A770663-2D2D-4F7B-85FD-9BC52EDD57B9}.Debug_Ubuntu|x64.ActiveCfg = Debug|Any CPU
		{4A770663-2D2D-4F7B-85FD-9BC52EDD57B9}.Debug_Ubuntu|x64.Build.0 = Debug|Any CPU
		{4A770663-2D2D-4F7B-85FD-9BC52EDD57B9}.Debug_Ubuntu|x86.ActiveCfg = Debug|Any CPU
		{4A770663-2D2D-4F7B-85FD-9BC52EDD57B9}.Debug_Ubuntu|x86.Build.0 = Debug|Any CPU
		{4A770663-2D2D-4F7B-85FD-9BC52EDD57B9}.Debug|Any CPU.ActiveCfg = Debug|Any CPU
		{4A770663-2D2D-4F7B-85FD-9BC52EDD57B9}.Debug|Any CPU.Build.0 = Debug|Any CPU
		{4A770663-2D2D-4F7B-85FD-9BC52EDD57B9}.Debug|x64.ActiveCfg = Debug|Any CPU
		{4A770663-2D2D-4F7B-85FD-9BC52EDD57B9}.Debug|x64.Build.0 = Debug|Any CPU
		{4A770663-2D2D-4F7B-85FD-9BC52EDD57B9}.Debug|x86.ActiveCfg = Debug|Any CPU
		{4A770663-2D2D-4F7B-85FD-9BC52EDD57B9}.Debug|x86.Build.0 = Debug|Any CPU
		{4A770663-2D2D-4F7B-85FD-9BC52EDD57B9}.Release_Ubuntu|Any CPU.ActiveCfg = Release|Any CPU
		{4A770663-2D2D-4F7B-85FD-9BC52EDD57B9}.Release_Ubuntu|Any CPU.Build.0 = Release|Any CPU
		{4A770663-2D2D-4F7B-85FD-9BC52EDD57B9}.Release_Ubuntu|x64.ActiveCfg = Release|Any CPU
		{4A770663-2D2D-4F7B-85FD-9BC52EDD57B9}.Release_Ubuntu|x64.Build.0 = Release|Any CPU
		{4A770663-2D2D-4F7B-85FD-9BC52EDD57B9}.Release_Ubuntu|x86.ActiveCfg = Release|Any CPU
		{4A770663-2D2D-4F7B-85FD-9BC52EDD57B9}.Release_Ubuntu|x86.Build.0 = Release|Any CPU
		{4A770663-2D2D-4F7B-85FD-9BC52EDD57B9}.Release|Any CPU.ActiveCfg = Release|Any CPU
		{4A770663-2D2D-4F7B-85FD-9BC52EDD57B9}.Release|Any CPU.Build.0 = Release|Any CPU
		{4A770663-2D2D-4F7B-85FD-9BC52EDD57B9}.Release|x64.ActiveCfg = Release|Any CPU
		{4A770663-2D2D-4F7B-85FD-9BC52EDD57B9}.Release|x64.Build.0 = Release|Any CPU
		{4A770663-2D2D-4F7B-85FD-9BC52EDD57B9}.Release|x86.ActiveCfg = Release|Any CPU
		{4A770663-2D2D-4F7B-85FD-9BC52EDD57B9}.Release|x86.Build.0 = Release|Any CPU
		{119D500C-48AA-4C40-8189-0783653F8086}.Debug_Ubuntu|Any CPU.ActiveCfg = Release|x86
		{119D500C-48AA-4C40-8189-0783653F8086}.Debug_Ubuntu|Any CPU.Build.0 = Release|x86
		{119D500C-48AA-4C40-8189-0783653F8086}.Debug_Ubuntu|x64.ActiveCfg = Debug|x86
		{119D500C-48AA-4C40-8189-0783653F8086}.Debug_Ubuntu|x64.Build.0 = Debug|x86
		{119D500C-48AA-4C40-8189-0783653F8086}.Debug_Ubuntu|x86.ActiveCfg = Debug|x86
		{119D500C-48AA-4C40-8189-0783653F8086}.Debug_Ubuntu|x86.Build.0 = Debug|x86
		{119D500C-48AA-4C40-8189-0783653F8086}.Debug|Any CPU.ActiveCfg = Debug|x86
		{119D500C-48AA-4C40-8189-0783653F8086}.Debug|x64.ActiveCfg = Debug|x86
		{119D500C-48AA-4C40-8189-0783653F8086}.Debug|x86.ActiveCfg = Debug|x86
		{119D500C-48AA-4C40-8189-0783653F8086}.Debug|x86.Build.0 = Debug|x86
		{119D500C-48AA-4C40-8189-0783653F8086}.Release_Ubuntu|Any CPU.ActiveCfg = Release|x86
		{119D500C-48AA-4C40-8189-0783653F8086}.Release_Ubuntu|Any CPU.Build.0 = Release|x86
		{119D500C-48AA-4C40-8189-0783653F8086}.Release_Ubuntu|x64.ActiveCfg = Debug|x86
		{119D500C-48AA-4C40-8189-0783653F8086}.Release_Ubuntu|x64.Build.0 = Debug|x86
		{119D500C-48AA-4C40-8189-0783653F8086}.Release_Ubuntu|x86.ActiveCfg = Release|x86
		{119D500C-48AA-4C40-8189-0783653F8086}.Release_Ubuntu|x86.Build.0 = Release|x86
		{119D500C-48AA-4C40-8189-0783653F8086}.Release|Any CPU.ActiveCfg = Release|x86
		{119D500C-48AA-4C40-8189-0783653F8086}.Release|x64.ActiveCfg = Release|x86
		{119D500C-48AA-4C40-8189-0783653F8086}.Release|x86.ActiveCfg = Release|x86
		{119D500C-48AA-4C40-8189-0783653F8086}.Release|x86.Build.0 = Release|x86
		{1EA7CDFC-C506-4598-8E32-C256437D7DA4}.Debug_Ubuntu|Any CPU.ActiveCfg = Debug|Any CPU
		{1EA7CDFC-C506-4598-8E32-C256437D7DA4}.Debug_Ubuntu|Any CPU.Build.0 = Debug|Any CPU
		{1EA7CDFC-C506-4598-8E32-C256437D7DA4}.Debug_Ubuntu|x64.ActiveCfg = Debug|Any CPU
		{1EA7CDFC-C506-4598-8E32-C256437D7DA4}.Debug_Ubuntu|x64.Build.0 = Debug|Any CPU
		{1EA7CDFC-C506-4598-8E32-C256437D7DA4}.Debug_Ubuntu|x86.ActiveCfg = Debug|Any CPU
		{1EA7CDFC-C506-4598-8E32-C256437D7DA4}.Debug_Ubuntu|x86.Build.0 = Debug|Any CPU
		{1EA7CDFC-C506-4598-8E32-C256437D7DA4}.Debug|Any CPU.ActiveCfg = Debug|Any CPU
		{1EA7CDFC-C506-4598-8E32-C256437D7DA4}.Debug|Any CPU.Build.0 = Debug|Any CPU
		{1EA7CDFC-C506-4598-8E32-C256437D7DA4}.Debug|x64.ActiveCfg = Debug|Any CPU
		{1EA7CDFC-C506-4598-8E32-C256437D7DA4}.Debug|x64.Build.0 = Debug|Any CPU
		{1EA7CDFC-C506-4598-8E32-C256437D7DA4}.Debug|x86.ActiveCfg = Debug|Any CPU
		{1EA7CDFC-C506-4598-8E32-C256437D7DA4}.Debug|x86.Build.0 = Debug|Any CPU
		{1EA7CDFC-C506-4598-8E32-C256437D7DA4}.Release_Ubuntu|Any CPU.ActiveCfg = Release|Any CPU
		{1EA7CDFC-C506-4598-8E32-C256437D7DA4}.Release_Ubuntu|Any CPU.Build.0 = Release|Any CPU
		{1EA7CDFC-C506-4598-8E32-C256437D7DA4}.Release_Ubuntu|x64.ActiveCfg = Release|Any CPU
		{1EA7CDFC-C506-4598-8E32-C256437D7DA4}.Release_Ubuntu|x64.Build.0 = Release|Any CPU
		{1EA7CDFC-C506-4598-8E32-C256437D7DA4}.Release_Ubuntu|x86.ActiveCfg = Release|Any CPU
		{1EA7CDFC-C506-4598-8E32-C256437D7DA4}.Release_Ubuntu|x86.Build.0 = Release|Any CPU
		{1EA7CDFC-C506-4598-8E32-C256437D7DA4}.Release|Any CPU.ActiveCfg = Release|Any CPU
		{1EA7CDFC-C506-4598-8E32-C256437D7DA4}.Release|Any CPU.Build.0 = Release|Any CPU
		{1EA7CDFC-C506-4598-8E32-C256437D7DA4}.Release|x64.ActiveCfg = Release|Any CPU
		{1EA7CDFC-C506-4598-8E32-C256437D7DA4}.Release|x64.Build.0 = Release|Any CPU
		{1EA7CDFC-C506-4598-8E32-C256437D7DA4}.Release|x86.ActiveCfg = Release|Any CPU
		{1EA7CDFC-C506-4598-8E32-C256437D7DA4}.Release|x86.Build.0 = Release|Any CPU
		{F0C5EA50-CD20-45F1-9BBA-BBE7C9408B23}.Debug_Ubuntu|Any CPU.ActiveCfg = Debug|Any CPU
		{F0C5EA50-CD20-45F1-9BBA-BBE7C9408B23}.Debug_Ubuntu|Any CPU.Build.0 = Debug|Any CPU
		{F0C5EA50-CD20-45F1-9BBA-BBE7C9408B23}.Debug_Ubuntu|x64.ActiveCfg = Debug|Any CPU
		{F0C5EA50-CD20-45F1-9BBA-BBE7C9408B23}.Debug_Ubuntu|x64.Build.0 = Debug|Any CPU
		{F0C5EA50-CD20-45F1-9BBA-BBE7C9408B23}.Debug_Ubuntu|x86.ActiveCfg = Debug|Any CPU
		{F0C5EA50-CD20-45F1-9BBA-BBE7C9408B23}.Debug_Ubuntu|x86.Build.0 = Debug|Any CPU
		{F0C5EA50-CD20-45F1-9BBA-BBE7C9408B23}.Debug|Any CPU.ActiveCfg = Debug|Any CPU
		{F0C5EA50-CD20-45F1-9BBA-BBE7C9408B23}.Debug|Any CPU.Build.0 = Debug|Any CPU
		{F0C5EA50-CD20-45F1-9BBA-BBE7C9408B23}.Debug|x64.ActiveCfg = Debug|Any CPU
		{F0C5EA50-CD20-45F1-9BBA-BBE7C9408B23}.Debug|x64.Build.0 = Debug|Any CPU
		{F0C5EA50-CD20-45F1-9BBA-BBE7C9408B23}.Debug|x86.ActiveCfg = Debug|Any CPU
		{F0C5EA50-CD20-45F1-9BBA-BBE7C9408B23}.Debug|x86.Build.0 = Debug|Any CPU
		{F0C5EA50-CD20-45F1-9BBA-BBE7C9408B23}.Release_Ubuntu|Any CPU.ActiveCfg = Release|Any CPU
		{F0C5EA50-CD20-45F1-9BBA-BBE7C9408B23}.Release_Ubuntu|Any CPU.Build.0 = Release|Any CPU
		{F0C5EA50-CD20-45F1-9BBA-BBE7C9408B23}.Release_Ubuntu|x64.ActiveCfg = Release|Any CPU
		{F0C5EA50-CD20-45F1-9BBA-BBE7C9408B23}.Release_Ubuntu|x64.Build.0 = Release|Any CPU
		{F0C5EA50-CD20-45F1-9BBA-BBE7C9408B23}.Release_Ubuntu|x86.ActiveCfg = Release|Any CPU
		{F0C5EA50-CD20-45F1-9BBA-BBE7C9408B23}.Release_Ubuntu|x86.Build.0 = Release|Any CPU
		{F0C5EA50-CD20-45F1-9BBA-BBE7C9408B23}.Release|Any CPU.ActiveCfg = Release|Any CPU
		{F0C5EA50-CD20-45F1-9BBA-BBE7C9408B23}.Release|Any CPU.Build.0 = Release|Any CPU
		{F0C5EA50-CD20-45F1-9BBA-BBE7C9408B23}.Release|x64.ActiveCfg = Release|Any CPU
		{F0C5EA50-CD20-45F1-9BBA-BBE7C9408B23}.Release|x64.Build.0 = Release|Any CPU
		{F0C5EA50-CD20-45F1-9BBA-BBE7C9408B23}.Release|x86.ActiveCfg = Release|Any CPU
		{F0C5EA50-CD20-45F1-9BBA-BBE7C9408B23}.Release|x86.Build.0 = Release|Any CPU
		{0F5A196C-AA64-4E8D-87F2-8F6458D275BC}.Debug_Ubuntu|Any CPU.ActiveCfg = Debug|Any CPU
		{0F5A196C-AA64-4E8D-87F2-8F6458D275BC}.Debug_Ubuntu|Any CPU.Build.0 = Debug|Any CPU
		{0F5A196C-AA64-4E8D-87F2-8F6458D275BC}.Debug_Ubuntu|x64.ActiveCfg = Debug|Any CPU
		{0F5A196C-AA64-4E8D-87F2-8F6458D275BC}.Debug_Ubuntu|x64.Build.0 = Debug|Any CPU
		{0F5A196C-AA64-4E8D-87F2-8F6458D275BC}.Debug_Ubuntu|x86.ActiveCfg = Debug|Any CPU
		{0F5A196C-AA64-4E8D-87F2-8F6458D275BC}.Debug_Ubuntu|x86.Build.0 = Debug|Any CPU
		{0F5A196C-AA64-4E8D-87F2-8F6458D275BC}.Debug|Any CPU.ActiveCfg = Debug|Any CPU
		{0F5A196C-AA64-4E8D-87F2-8F6458D275BC}.Debug|Any CPU.Build.0 = Debug|Any CPU
		{0F5A196C-AA64-4E8D-87F2-8F6458D275BC}.Debug|x64.ActiveCfg = Debug|Any CPU
		{0F5A196C-AA64-4E8D-87F2-8F6458D275BC}.Debug|x64.Build.0 = Debug|Any CPU
		{0F5A196C-AA64-4E8D-87F2-8F6458D275BC}.Debug|x86.ActiveCfg = Debug|Any CPU
		{0F5A196C-AA64-4E8D-87F2-8F6458D275BC}.Debug|x86.Build.0 = Debug|Any CPU
		{0F5A196C-AA64-4E8D-87F2-8F6458D275BC}.Release_Ubuntu|Any CPU.ActiveCfg = Release|Any CPU
		{0F5A196C-AA64-4E8D-87F2-8F6458D275BC}.Release_Ubuntu|Any CPU.Build.0 = Release|Any CPU
		{0F5A196C-AA64-4E8D-87F2-8F6458D275BC}.Release_Ubuntu|x64.ActiveCfg = Release|Any CPU
		{0F5A196C-AA64-4E8D-87F2-8F6458D275BC}.Release_Ubuntu|x64.Build.0 = Release|Any CPU
		{0F5A196C-AA64-4E8D-87F2-8F6458D275BC}.Release_Ubuntu|x86.ActiveCfg = Release|Any CPU
		{0F5A196C-AA64-4E8D-87F2-8F6458D275BC}.Release_Ubuntu|x86.Build.0 = Release|Any CPU
		{0F5A196C-AA64-4E8D-87F2-8F6458D275BC}.Release|Any CPU.ActiveCfg = Release|Any CPU
		{0F5A196C-AA64-4E8D-87F2-8F6458D275BC}.Release|Any CPU.Build.0 = Release|Any CPU
		{0F5A196C-AA64-4E8D-87F2-8F6458D275BC}.Release|x64.ActiveCfg = Release|Any CPU
		{0F5A196C-AA64-4E8D-87F2-8F6458D275BC}.Release|x64.Build.0 = Release|Any CPU
		{0F5A196C-AA64-4E8D-87F2-8F6458D275BC}.Release|x86.ActiveCfg = Release|Any CPU
		{0F5A196C-AA64-4E8D-87F2-8F6458D275BC}.Release|x86.Build.0 = Release|Any CPU
		{343B38BD-BF38-4CD0-95B1-A5B3B757A56A}.Debug_Ubuntu|Any CPU.ActiveCfg = Debug|Any CPU
		{343B38BD-BF38-4CD0-95B1-A5B3B757A56A}.Debug_Ubuntu|Any CPU.Build.0 = Debug|Any CPU
		{343B38BD-BF38-4CD0-95B1-A5B3B757A56A}.Debug_Ubuntu|x64.ActiveCfg = Debug|Any CPU
		{343B38BD-BF38-4CD0-95B1-A5B3B757A56A}.Debug_Ubuntu|x64.Build.0 = Debug|Any CPU
		{343B38BD-BF38-4CD0-95B1-A5B3B757A56A}.Debug_Ubuntu|x86.ActiveCfg = Debug|Any CPU
		{343B38BD-BF38-4CD0-95B1-A5B3B757A56A}.Debug_Ubuntu|x86.Build.0 = Debug|Any CPU
		{343B38BD-BF38-4CD0-95B1-A5B3B757A56A}.Debug|Any CPU.ActiveCfg = Debug|Any CPU
		{343B38BD-BF38-4CD0-95B1-A5B3B757A56A}.Debug|Any CPU.Build.0 = Debug|Any CPU
		{343B38BD-BF38-4CD0-95B1-A5B3B757A56A}.Debug|x64.ActiveCfg = Debug|Any CPU
		{343B38BD-BF38-4CD0-95B1-A5B3B757A56A}.Debug|x64.Build.0 = Debug|Any CPU
		{343B38BD-BF38-4CD0-95B1-A5B3B757A56A}.Debug|x86.ActiveCfg = Debug|Any CPU
		{343B38BD-BF38-4CD0-95B1-A5B3B757A56A}.Debug|x86.Build.0 = Debug|Any CPU
		{343B38BD-BF38-4CD0-95B1-A5B3B757A56A}.Release_Ubuntu|Any CPU.ActiveCfg = Release|Any CPU
		{343B38BD-BF38-4CD0-95B1-A5B3B757A56A}.Release_Ubuntu|Any CPU.Build.0 = Release|Any CPU
		{343B38BD-BF38-4CD0-95B1-A5B3B757A56A}.Release_Ubuntu|x64.ActiveCfg = Release|Any CPU
		{343B38BD-BF38-4CD0-95B1-A5B3B757A56A}.Release_Ubuntu|x64.Build.0 = Release|Any CPU
		{343B38BD-BF38-4CD0-95B1-A5B3B757A56A}.Release_Ubuntu|x86.ActiveCfg = Release|Any CPU
		{343B38BD-BF38-4CD0-95B1-A5B3B757A56A}.Release_Ubuntu|x86.Build.0 = Release|Any CPU
		{343B38BD-BF38-4CD0-95B1-A5B3B757A56A}.Release|Any CPU.ActiveCfg = Release|Any CPU
		{343B38BD-BF38-4CD0-95B1-A5B3B757A56A}.Release|Any CPU.Build.0 = Release|Any CPU
		{343B38BD-BF38-4CD0-95B1-A5B3B757A56A}.Release|x64.ActiveCfg = Release|Any CPU
		{343B38BD-BF38-4CD0-95B1-A5B3B757A56A}.Release|x64.Build.0 = Release|Any CPU
		{343B38BD-BF38-4CD0-95B1-A5B3B757A56A}.Release|x86.ActiveCfg = Release|Any CPU
		{343B38BD-BF38-4CD0-95B1-A5B3B757A56A}.Release|x86.Build.0 = Release|Any CPU
	EndGlobalSection
	GlobalSection(SolutionProperties) = preSolution
		HideSolutionNode = FALSE
	EndGlobalSection
	GlobalSection(NestedProjects) = preSolution
		{E5C2883A-AC94-44EC-B56B-CA2DB2D70646} = {62186F4C-85D8-40B4-8822-4A4F95E17A3B}
		{D6997517-29B4-4601-AADD-400D1D540E48} = {62186F4C-85D8-40B4-8822-4A4F95E17A3B}
		{87F2C19F-FE27-495F-B99B-17A9B0048995} = {62186F4C-85D8-40B4-8822-4A4F95E17A3B}
		{BA76D2E5-C3FE-4D10-8D34-0AC548F83260} = {4C06004E-F844-4A21-BE47-6F92FC2C2B84}
		{83026801-6A93-410B-85E9-576B2902CE7B} = {4C06004E-F844-4A21-BE47-6F92FC2C2B84}
		{4D687980-0EDF-46A9-B581-A95166CE37D9} = {4C06004E-F844-4A21-BE47-6F92FC2C2B84}
		{1B075107-8769-4D0A-9FB9-0784F6FD9DB2} = {4C06004E-F844-4A21-BE47-6F92FC2C2B84}
		{6778E39B-1A09-47D0-A155-7333FA03CC6C} = {4C06004E-F844-4A21-BE47-6F92FC2C2B84}
		{9F581AB4-98F8-4AAB-BFD2-CCC6C0AE332E} = {4C06004E-F844-4A21-BE47-6F92FC2C2B84}
		{B357BAC7-529E-4D81-A0D2-71041B19C8DE} = {9B2A70C4-52CE-437B-B846-EBF7AA1A5D92}
		{52805AEC-EFB1-4F42-BB8E-3ED4E692C568} = {9B2A70C4-52CE-437B-B846-EBF7AA1A5D92}
		{390E2568-57B7-4D17-91E5-C29336368CCF} = {9B2A70C4-52CE-437B-B846-EBF7AA1A5D92}
		{B81A24C8-25BB-42B2-AF99-1E1EACCE74C7} = {9B2A70C4-52CE-437B-B846-EBF7AA1A5D92}
		{AD9B0E59-D6AF-4B37-B47A-DE11597184B3} = {5B68001E-E472-4EF4-A4DF-8CEB95FF4D72}
		{A52E8AC5-2B3D-4518-8E52-D2BB688A66D8} = {5B68001E-E472-4EF4-A4DF-8CEB95FF4D72}
		{35A9D6A1-EE32-4C46-97E5-47BB51075C0F} = {B5EF88ED-7BA7-4F06-BEF4-1A32C57BB1D9}
		{3A393C92-B2EC-45D4-B335-60969053B9CB} = {B5EF88ED-7BA7-4F06-BEF4-1A32C57BB1D9}
		{092CC53F-6666-43F1-875F-D45035693C16} = {58E107AA-C28D-4B91-AFBB-4691B3C2DAB7}
		{771CF3C7-5268-469D-99C5-0D1454B8CCA7} = {58E107AA-C28D-4B91-AFBB-4691B3C2DAB7}
		{0FC105D0-8C0E-4E6F-860D-224448C08808} = {58E107AA-C28D-4B91-AFBB-4691B3C2DAB7}
		{3D1BDDDB-7B35-4A5A-999F-0E269C23B603} = {58E107AA-C28D-4B91-AFBB-4691B3C2DAB7}
		{170CE1BC-2D9C-4344-8E9D-07BAA2E3FB94} = {58E107AA-C28D-4B91-AFBB-4691B3C2DAB7}
		{3F63A5E7-6C26-29D0-EFD5-A506C3C62E8A} = {58E107AA-C28D-4B91-AFBB-4691B3C2DAB7}
		{414BBF18-9BCC-42B6-B65D-F8D44AEB45DA} = {58E107AA-C28D-4B91-AFBB-4691B3C2DAB7}
		{8C1F7F02-10EA-436F-9679-D4DB5B666BDB} = {58E107AA-C28D-4B91-AFBB-4691B3C2DAB7}
		{889BEFC8-4AA4-4561-9CA0-7F6550AD0ACA} = {58E107AA-C28D-4B91-AFBB-4691B3C2DAB7}
		{2F8E27D5-9DF4-4183-BF73-62C1F144D12F} = {58E107AA-C28D-4B91-AFBB-4691B3C2DAB7}
		{D2E216D8-602A-4F0A-833C-35C8EAC7C8D3} = {58E107AA-C28D-4B91-AFBB-4691B3C2DAB7}
		{5E9C23D2-6C20-430D-9CEE-663B7551BF57} = {58E107AA-C28D-4B91-AFBB-4691B3C2DAB7}
		{E3860F0B-904B-474D-B28A-4C8E81E1AE38} = {58E107AA-C28D-4B91-AFBB-4691B3C2DAB7}
		{AF0EB3D6-F385-4DC0-8A8E-742FFA3578B9} = {58E107AA-C28D-4B91-AFBB-4691B3C2DAB7}
		{4A770663-2D2D-4F7B-85FD-9BC52EDD57B9} = {58E107AA-C28D-4B91-AFBB-4691B3C2DAB7}
		{119D500C-48AA-4C40-8189-0783653F8086} = {85A5989B-1EAB-4308-B03C-8F4E8954AB25}
		{1EA7CDFC-C506-4598-8E32-C256437D7DA4} = {85A5989B-1EAB-4308-B03C-8F4E8954AB25}
		{F0C5EA50-CD20-45F1-9BBA-BBE7C9408B23} = {B5EF88ED-7BA7-4F06-BEF4-1A32C57BB1D9}
		{343B38BD-BF38-4CD0-95B1-A5B3B757A56A} = {B5EF88ED-7BA7-4F06-BEF4-1A32C57BB1D9}
	EndGlobalSection
	GlobalSection(ExtensibilityGlobals) = postSolution
		SolutionGuid = {B408DA61-48F1-499F-9A01-A395DCE896B0}
	EndGlobalSection
EndGlobal
